
Microsoft Visual Studio Solution File, Format Version 12.00
# Visual Studio 15
VisualStudioVersion = 15.0.28307.1209
MinimumVisualStudioVersion = 10.0.40219.1
Project("{8BC9CEB8-8B4A-11D0-8D11-00A0C91BC942}") = "boj1038", "BOJ\boj1038\boj1038.vcxproj", "{5DBEAC59-8205-4419-80B5-F6AEE0F36B9B}"
EndProject
Project("{8BC9CEB8-8B4A-11D0-8D11-00A0C91BC942}") = "boj23322", "BOJ\boj23322\boj23322.vcxproj", "{CE54EC09-C394-4C99-8905-C96504ABF031}"
EndProject
Project("{8BC9CEB8-8B4A-11D0-8D11-00A0C91BC942}") = "boj1092", "BOJ\boj1092\boj1092.vcxproj", "{AF0BCB2C-E163-4F35-A03A-34E905500B44}"
EndProject
Project("{8BC9CEB8-8B4A-11D0-8D11-00A0C91BC942}") = "boj1931", "BOJ\boj1931\boj1931.vcxproj", "{90332710-2664-45D7-9C37-002C6939FA52}"
EndProject
Project("{8BC9CEB8-8B4A-11D0-8D11-00A0C91BC942}") = "boj1946", "BOJ\boj1946\boj1946.vcxproj", "{60457B69-EA19-43C1-802E-0B40636FA428}"
EndProject
Project("{8BC9CEB8-8B4A-11D0-8D11-00A0C91BC942}") = "boj1967", "BOJ\boj1967\boj1967.vcxproj", "{BB19BA5B-6339-4C3F-BCEC-5A2CA3C649D9}"
EndProject
Project("{8BC9CEB8-8B4A-11D0-8D11-00A0C91BC942}") = "boj2293", "BOJ\boj2293\boj2293.vcxproj", "{CA81DD51-7C15-4385-AB9B-9667066D4854}"
EndProject
Project("{8BC9CEB8-8B4A-11D0-8D11-00A0C91BC942}") = "boj2573", "BOJ\boj2573\boj2573.vcxproj", "{681F24CF-9852-4C0E-AFB9-6604B3EDF50A}"
EndProject
Project("{8BC9CEB8-8B4A-11D0-8D11-00A0C91BC942}") = "boj11399", "BOJ\boj11399\boj11399.vcxproj", "{0C013E88-8555-4773-A490-3FD0C47602D9}"
EndProject
Project("{8BC9CEB8-8B4A-11D0-8D11-00A0C91BC942}") = "boj11658", "BOJ\boj11658\boj11658.vcxproj", "{1C2572D9-5D46-4AB1-98F8-DFEFE4C2B60B}"
EndProject
Project("{8BC9CEB8-8B4A-11D0-8D11-00A0C91BC942}") = "boj14503", "BOJ\boj14503\boj14503.vcxproj", "{C23A6F2E-7C42-4001-A7C6-CDED1DA2C1CB}"
EndProject
Project("{8BC9CEB8-8B4A-11D0-8D11-00A0C91BC942}") = "boj17353", "BOJ\boj17353\boj17353.vcxproj", "{316DF7E6-8896-4B61-9C97-6B498D57DB1D}"
EndProject
Project("{8BC9CEB8-8B4A-11D0-8D11-00A0C91BC942}") = "boj18352", "BOJ\boj18352\boj18352.vcxproj", "{CD7DA802-02C9-4A03-8D1F-C725CD8E040B}"
EndProject
Project("{8BC9CEB8-8B4A-11D0-8D11-00A0C91BC942}") = "boj18917", "BOJ\boj18917\boj18917.vcxproj", "{E15DEBB8-54C7-490C-805E-F0F4ED172E20}"
EndProject
Project("{8BC9CEB8-8B4A-11D0-8D11-00A0C91BC942}") = "SDS알고리즘특강 코테 4", "기업 코테\SDS 알고리즘특강 코테 4\SDS 알고리즘특강 코테 4.vcxproj", "{5D629A2C-B701-4D44-8DDE-4B09FFD62F61}"
EndProject
Project("{8BC9CEB8-8B4A-11D0-8D11-00A0C91BC942}") = "SDS알고리즘특강 코테 3", "기업 코테\SDS알고리즘특강 코테 2\SDS알고리즘특강 코테 2.vcxproj", "{0633EBB8-D7CB-42E2-8DA9-A8C4ABFE498A}"
EndProject
Project("{8BC9CEB8-8B4A-11D0-8D11-00A0C91BC942}") = "비즈테크파트너스 코테 2", "기업 코테\비즈테크바트너스 코테 2\비즈테크바트너스 코테 2.vcxproj", "{45B11C19-7D95-4B91-BF63-7E8E154AED93}"
EndProject
Project("{8BC9CEB8-8B4A-11D0-8D11-00A0C91BC942}") = "비즈테크파트너스 코테 3", "기업 코테\비즈테크파트너즈 코테 3\비즈테크파트너즈 코테 3.vcxproj", "{BEC80DF5-47B0-4322-8781-45A52AB9E8CA}"
EndProject
Project("{8BC9CEB8-8B4A-11D0-8D11-00A0C91BC942}") = "SDS알고리즘특강 코테1", "기업 코테\프로그래머스 데브메칭 코테 1\프로그래머스 데브메칭 코테 1.vcxproj", "{01440D39-BCAE-4684-B198-B8277416447E}"
EndProject
Project("{8BC9CEB8-8B4A-11D0-8D11-00A0C91BC942}") = "2018 KAKAO BLIND RECRUITMENT 코테 1", "프로그래머스\2018 KAKAO BLIND RECRUITMENT 코테 1\2018 KAKAO BLIND RECRUITMENT 코테 1.vcxproj", "{BFE547B2-7D46-454B-BCF4-244FA7917C9A}"
EndProject
Project("{8BC9CEB8-8B4A-11D0-8D11-00A0C91BC942}") = "2018 KAKAO BLIND RECRUITMENT 코테 2", "프로그래머스\2018 KAKAO BLIND RECRUITMENT 코테 2\2018 KAKAO BLIND RECRUITMENT 코테 2.vcxproj", "{4F35DD56-5D36-4DE4-BDFF-08E49078AFEF}"
EndProject
Project("{8BC9CEB8-8B4A-11D0-8D11-00A0C91BC942}") = "2021 Dev-Matching 상반기 코테 1", "프로그래머스\2021 Dev-Matching 상반기 코테 1\2021 Dev-Matching 상반기 코테 1.vcxproj", "{B052C9A9-371D-4B4A-B5B4-81393AC26C83}"
EndProject
Project("{8BC9CEB8-8B4A-11D0-8D11-00A0C91BC942}") = "2021 Dev-Matching 상반기 코테 2", "프로그래머스\2021 Dev-Matching 상반기 코테 2\2021 Dev-Matching 상반기 코테 2.vcxproj", "{D17ABD23-B116-42C9-BC8E-D0F58181354C}"
EndProject
Project("{8BC9CEB8-8B4A-11D0-8D11-00A0C91BC942}") = "2021카카오 채용연계인턴십 코테 1", "프로그래머스\2021카카오 채용연계인턴십 코테 1\2021카카오 채용연계인턴십 코테 1.vcxproj", "{41D4399E-B638-4EC6-8DBB-BAF9ED2AA9BE}"
EndProject
Project("{8BC9CEB8-8B4A-11D0-8D11-00A0C91BC942}") = "2021카카오 채용연계인턴십 코테 2", "프로그래머스\2021카카오 채용연계인턴십 코테 2\2021카카오 채용연계인턴십 코테 2.vcxproj", "{0D57AC42-590D-466C-9597-015A120CC477}"
EndProject
Project("{8BC9CEB8-8B4A-11D0-8D11-00A0C91BC942}") = "SW Export Academy 15230 알파벳 공부", "삼성 SW 아카데미\SW Export Academy 15230 알파벳 공부\SW Export Academy 15230 알파벳 공부.vcxproj", "{C273B81D-4908-4BC3-A48F-9C86B88315B8}"
EndProject
Project("{8BC9CEB8-8B4A-11D0-8D11-00A0C91BC942}") = "SW Export Academy 15612 체스판 위의 룩 배치", "삼성 SW 아카데미\SW Export Academy 15612체스판 위의 룩 배치\SW Export Academy 15612체스판 위의 룩 배치.vcxproj", "{5D2538DD-650E-41FA-9D16-987EB8BFCACD}"
EndProject
Project("{8BC9CEB8-8B4A-11D0-8D11-00A0C91BC942}") = "boj1976", "BOJ\boj1976\boj1976.vcxproj", "{46FDD43C-041C-4BDF-9AB3-12BE5E39438D}"
EndProject
Project("{8BC9CEB8-8B4A-11D0-8D11-00A0C91BC942}") = "boj13549", "BOJ\boj13549\boj13549.vcxproj", "{F8094967-B910-4343-B1A5-671C1FBE53A6}"
EndProject
Project("{8BC9CEB8-8B4A-11D0-8D11-00A0C91BC942}") = "boj2468", "BOJ\boj2468\boj2468.vcxproj", "{B965FF7F-D648-41D8-9A48-4C4EEA59419F}"
EndProject
Project("{8BC9CEB8-8B4A-11D0-8D11-00A0C91BC942}") = "boj1920", "BOJ\boj1920\boj1920.vcxproj", "{E8764085-08B5-431C-B8C3-9207BC8D36A0}"
EndProject
Project("{8BC9CEB8-8B4A-11D0-8D11-00A0C91BC942}") = "boj1766", "BOJ\boj1766\boj1766.vcxproj", "{FE3F1F9D-1DFE-4304-8278-0D326D0EE1DB}"
EndProject
Global
	GlobalSection(SolutionConfigurationPlatforms) = preSolution
		Debug|x64 = Debug|x64
		Debug|x86 = Debug|x86
		Release|x64 = Release|x64
		Release|x86 = Release|x86
	EndGlobalSection
	GlobalSection(ProjectConfigurationPlatforms) = postSolution
		{5DBEAC59-8205-4419-80B5-F6AEE0F36B9B}.Debug|x64.ActiveCfg = Debug|x64
		{5DBEAC59-8205-4419-80B5-F6AEE0F36B9B}.Debug|x64.Build.0 = Debug|x64
		{5DBEAC59-8205-4419-80B5-F6AEE0F36B9B}.Debug|x86.ActiveCfg = Debug|Win32
		{5DBEAC59-8205-4419-80B5-F6AEE0F36B9B}.Debug|x86.Build.0 = Debug|Win32
		{5DBEAC59-8205-4419-80B5-F6AEE0F36B9B}.Release|x64.ActiveCfg = Release|x64
		{5DBEAC59-8205-4419-80B5-F6AEE0F36B9B}.Release|x64.Build.0 = Release|x64
		{5DBEAC59-8205-4419-80B5-F6AEE0F36B9B}.Release|x86.ActiveCfg = Release|Win32
		{5DBEAC59-8205-4419-80B5-F6AEE0F36B9B}.Release|x86.Build.0 = Release|Win32
		{CE54EC09-C394-4C99-8905-C96504ABF031}.Debug|x64.ActiveCfg = Debug|x64
		{CE54EC09-C394-4C99-8905-C96504ABF031}.Debug|x64.Build.0 = Debug|x64
		{CE54EC09-C394-4C99-8905-C96504ABF031}.Debug|x86.ActiveCfg = Debug|Win32
		{CE54EC09-C394-4C99-8905-C96504ABF031}.Debug|x86.Build.0 = Debug|Win32
		{CE54EC09-C394-4C99-8905-C96504ABF031}.Release|x64.ActiveCfg = Release|x64
		{CE54EC09-C394-4C99-8905-C96504ABF031}.Release|x64.Build.0 = Release|x64
		{CE54EC09-C394-4C99-8905-C96504ABF031}.Release|x86.ActiveCfg = Release|Win32
		{CE54EC09-C394-4C99-8905-C96504ABF031}.Release|x86.Build.0 = Release|Win32
		{AF0BCB2C-E163-4F35-A03A-34E905500B44}.Debug|x64.ActiveCfg = Debug|x64
		{AF0BCB2C-E163-4F35-A03A-34E905500B44}.Debug|x64.Build.0 = Debug|x64
		{AF0BCB2C-E163-4F35-A03A-34E905500B44}.Debug|x86.ActiveCfg = Debug|Win32
		{AF0BCB2C-E163-4F35-A03A-34E905500B44}.Debug|x86.Build.0 = Debug|Win32
		{AF0BCB2C-E163-4F35-A03A-34E905500B44}.Release|x64.ActiveCfg = Release|x64
		{AF0BCB2C-E163-4F35-A03A-34E905500B44}.Release|x64.Build.0 = Release|x64
		{AF0BCB2C-E163-4F35-A03A-34E905500B44}.Release|x86.ActiveCfg = Release|Win32
		{AF0BCB2C-E163-4F35-A03A-34E905500B44}.Release|x86.Build.0 = Release|Win32
		{90332710-2664-45D7-9C37-002C6939FA52}.Debug|x64.ActiveCfg = Debug|x64
		{90332710-2664-45D7-9C37-002C6939FA52}.Debug|x64.Build.0 = Debug|x64
		{90332710-2664-45D7-9C37-002C6939FA52}.Debug|x86.ActiveCfg = Debug|Win32
		{90332710-2664-45D7-9C37-002C6939FA52}.Debug|x86.Build.0 = Debug|Win32
		{90332710-2664-45D7-9C37-002C6939FA52}.Release|x64.ActiveCfg = Release|x64
		{90332710-2664-45D7-9C37-002C6939FA52}.Release|x64.Build.0 = Release|x64
		{90332710-2664-45D7-9C37-002C6939FA52}.Release|x86.ActiveCfg = Release|Win32
		{90332710-2664-45D7-9C37-002C6939FA52}.Release|x86.Build.0 = Release|Win32
		{60457B69-EA19-43C1-802E-0B40636FA428}.Debug|x64.ActiveCfg = Debug|x64
		{60457B69-EA19-43C1-802E-0B40636FA428}.Debug|x64.Build.0 = Debug|x64
		{60457B69-EA19-43C1-802E-0B40636FA428}.Debug|x86.ActiveCfg = Debug|Win32
		{60457B69-EA19-43C1-802E-0B40636FA428}.Debug|x86.Build.0 = Debug|Win32
		{60457B69-EA19-43C1-802E-0B40636FA428}.Release|x64.ActiveCfg = Release|x64
		{60457B69-EA19-43C1-802E-0B40636FA428}.Release|x64.Build.0 = Release|x64
		{60457B69-EA19-43C1-802E-0B40636FA428}.Release|x86.ActiveCfg = Release|Win32
		{60457B69-EA19-43C1-802E-0B40636FA428}.Release|x86.Build.0 = Release|Win32
		{BB19BA5B-6339-4C3F-BCEC-5A2CA3C649D9}.Debug|x64.ActiveCfg = Debug|x64
		{BB19BA5B-6339-4C3F-BCEC-5A2CA3C649D9}.Debug|x64.Build.0 = Debug|x64
		{BB19BA5B-6339-4C3F-BCEC-5A2CA3C649D9}.Debug|x86.ActiveCfg = Debug|Win32
		{BB19BA5B-6339-4C3F-BCEC-5A2CA3C649D9}.Debug|x86.Build.0 = Debug|Win32
		{BB19BA5B-6339-4C3F-BCEC-5A2CA3C649D9}.Release|x64.ActiveCfg = Release|x64
		{BB19BA5B-6339-4C3F-BCEC-5A2CA3C649D9}.Release|x64.Build.0 = Release|x64
		{BB19BA5B-6339-4C3F-BCEC-5A2CA3C649D9}.Release|x86.ActiveCfg = Release|Win32
		{BB19BA5B-6339-4C3F-BCEC-5A2CA3C649D9}.Release|x86.Build.0 = Release|Win32
		{CA81DD51-7C15-4385-AB9B-9667066D4854}.Debug|x64.ActiveCfg = Debug|x64
		{CA81DD51-7C15-4385-AB9B-9667066D4854}.Debug|x64.Build.0 = Debug|x64
		{CA81DD51-7C15-4385-AB9B-9667066D4854}.Debug|x86.ActiveCfg = Debug|Win32
		{CA81DD51-7C15-4385-AB9B-9667066D4854}.Debug|x86.Build.0 = Debug|Win32
		{CA81DD51-7C15-4385-AB9B-9667066D4854}.Release|x64.ActiveCfg = Release|x64
		{CA81DD51-7C15-4385-AB9B-9667066D4854}.Release|x64.Build.0 = Release|x64
		{CA81DD51-7C15-4385-AB9B-9667066D4854}.Release|x86.ActiveCfg = Release|Win32
		{CA81DD51-7C15-4385-AB9B-9667066D4854}.Release|x86.Build.0 = Release|Win32
		{681F24CF-9852-4C0E-AFB9-6604B3EDF50A}.Debug|x64.ActiveCfg = Debug|x64
		{681F24CF-9852-4C0E-AFB9-6604B3EDF50A}.Debug|x64.Build.0 = Debug|x64
		{681F24CF-9852-4C0E-AFB9-6604B3EDF50A}.Debug|x86.ActiveCfg = Debug|Win32
		{681F24CF-9852-4C0E-AFB9-6604B3EDF50A}.Debug|x86.Build.0 = Debug|Win32
		{681F24CF-9852-4C0E-AFB9-6604B3EDF50A}.Release|x64.ActiveCfg = Release|x64
		{681F24CF-9852-4C0E-AFB9-6604B3EDF50A}.Release|x64.Build.0 = Release|x64
		{681F24CF-9852-4C0E-AFB9-6604B3EDF50A}.Release|x86.ActiveCfg = Release|Win32
		{681F24CF-9852-4C0E-AFB9-6604B3EDF50A}.Release|x86.Build.0 = Release|Win32
		{0C013E88-8555-4773-A490-3FD0C47602D9}.Debug|x64.ActiveCfg = Debug|x64
		{0C013E88-8555-4773-A490-3FD0C47602D9}.Debug|x64.Build.0 = Debug|x64
		{0C013E88-8555-4773-A490-3FD0C47602D9}.Debug|x86.ActiveCfg = Debug|Win32
		{0C013E88-8555-4773-A490-3FD0C47602D9}.Debug|x86.Build.0 = Debug|Win32
		{0C013E88-8555-4773-A490-3FD0C47602D9}.Release|x64.ActiveCfg = Release|x64
		{0C013E88-8555-4773-A490-3FD0C47602D9}.Release|x64.Build.0 = Release|x64
		{0C013E88-8555-4773-A490-3FD0C47602D9}.Release|x86.ActiveCfg = Release|Win32
		{0C013E88-8555-4773-A490-3FD0C47602D9}.Release|x86.Build.0 = Release|Win32
		{1C2572D9-5D46-4AB1-98F8-DFEFE4C2B60B}.Debug|x64.ActiveCfg = Debug|x64
		{1C2572D9-5D46-4AB1-98F8-DFEFE4C2B60B}.Debug|x64.Build.0 = Debug|x64
		{1C2572D9-5D46-4AB1-98F8-DFEFE4C2B60B}.Debug|x86.ActiveCfg = Debug|Win32
		{1C2572D9-5D46-4AB1-98F8-DFEFE4C2B60B}.Debug|x86.Build.0 = Debug|Win32
		{1C2572D9-5D46-4AB1-98F8-DFEFE4C2B60B}.Release|x64.ActiveCfg = Release|x64
		{1C2572D9-5D46-4AB1-98F8-DFEFE4C2B60B}.Release|x64.Build.0 = Release|x64
		{1C2572D9-5D46-4AB1-98F8-DFEFE4C2B60B}.Release|x86.ActiveCfg = Release|Win32
		{1C2572D9-5D46-4AB1-98F8-DFEFE4C2B60B}.Release|x86.Build.0 = Release|Win32
		{C23A6F2E-7C42-4001-A7C6-CDED1DA2C1CB}.Debug|x64.ActiveCfg = Debug|x64
		{C23A6F2E-7C42-4001-A7C6-CDED1DA2C1CB}.Debug|x64.Build.0 = Debug|x64
		{C23A6F2E-7C42-4001-A7C6-CDED1DA2C1CB}.Debug|x86.ActiveCfg = Debug|Win32
		{C23A6F2E-7C42-4001-A7C6-CDED1DA2C1CB}.Debug|x86.Build.0 = Debug|Win32
		{C23A6F2E-7C42-4001-A7C6-CDED1DA2C1CB}.Release|x64.ActiveCfg = Release|x64
		{C23A6F2E-7C42-4001-A7C6-CDED1DA2C1CB}.Release|x64.Build.0 = Release|x64
		{C23A6F2E-7C42-4001-A7C6-CDED1DA2C1CB}.Release|x86.ActiveCfg = Release|Win32
		{C23A6F2E-7C42-4001-A7C6-CDED1DA2C1CB}.Release|x86.Build.0 = Release|Win32
		{316DF7E6-8896-4B61-9C97-6B498D57DB1D}.Debug|x64.ActiveCfg = Debug|x64
		{316DF7E6-8896-4B61-9C97-6B498D57DB1D}.Debug|x64.Build.0 = Debug|x64
		{316DF7E6-8896-4B61-9C97-6B498D57DB1D}.Debug|x86.ActiveCfg = Debug|Win32
		{316DF7E6-8896-4B61-9C97-6B498D57DB1D}.Debug|x86.Build.0 = Debug|Win32
		{316DF7E6-8896-4B61-9C97-6B498D57DB1D}.Release|x64.ActiveCfg = Release|x64
		{316DF7E6-8896-4B61-9C97-6B498D57DB1D}.Release|x64.Build.0 = Release|x64
		{316DF7E6-8896-4B61-9C97-6B498D57DB1D}.Release|x86.ActiveCfg = Release|Win32
		{316DF7E6-8896-4B61-9C97-6B498D57DB1D}.Release|x86.Build.0 = Release|Win32
		{CD7DA802-02C9-4A03-8D1F-C725CD8E040B}.Debug|x64.ActiveCfg = Debug|x64
		{CD7DA802-02C9-4A03-8D1F-C725CD8E040B}.Debug|x64.Build.0 = Debug|x64
		{CD7DA802-02C9-4A03-8D1F-C725CD8E040B}.Debug|x86.ActiveCfg = Debug|Win32
		{CD7DA802-02C9-4A03-8D1F-C725CD8E040B}.Debug|x86.Build.0 = Debug|Win32
		{CD7DA802-02C9-4A03-8D1F-C725CD8E040B}.Release|x64.ActiveCfg = Release|x64
		{CD7DA802-02C9-4A03-8D1F-C725CD8E040B}.Release|x64.Build.0 = Release|x64
		{CD7DA802-02C9-4A03-8D1F-C725CD8E040B}.Release|x86.ActiveCfg = Release|Win32
		{CD7DA802-02C9-4A03-8D1F-C725CD8E040B}.Release|x86.Build.0 = Release|Win32
		{E15DEBB8-54C7-490C-805E-F0F4ED172E20}.Debug|x64.ActiveCfg = Debug|x64
		{E15DEBB8-54C7-490C-805E-F0F4ED172E20}.Debug|x64.Build.0 = Debug|x64
		{E15DEBB8-54C7-490C-805E-F0F4ED172E20}.Debug|x86.ActiveCfg = Debug|Win32
		{E15DEBB8-54C7-490C-805E-F0F4ED172E20}.Debug|x86.Build.0 = Debug|Win32
		{E15DEBB8-54C7-490C-805E-F0F4ED172E20}.Release|x64.ActiveCfg = Release|x64
		{E15DEBB8-54C7-490C-805E-F0F4ED172E20}.Release|x64.Build.0 = Release|x64
		{E15DEBB8-54C7-490C-805E-F0F4ED172E20}.Release|x86.ActiveCfg = Release|Win32
		{E15DEBB8-54C7-490C-805E-F0F4ED172E20}.Release|x86.Build.0 = Release|Win32
		{5D629A2C-B701-4D44-8DDE-4B09FFD62F61}.Debug|x64.ActiveCfg = Debug|x64
		{5D629A2C-B701-4D44-8DDE-4B09FFD62F61}.Debug|x64.Build.0 = Debug|x64
		{5D629A2C-B701-4D44-8DDE-4B09FFD62F61}.Debug|x86.ActiveCfg = Debug|Win32
		{5D629A2C-B701-4D44-8DDE-4B09FFD62F61}.Debug|x86.Build.0 = Debug|Win32
		{5D629A2C-B701-4D44-8DDE-4B09FFD62F61}.Release|x64.ActiveCfg = Release|x64
		{5D629A2C-B701-4D44-8DDE-4B09FFD62F61}.Release|x64.Build.0 = Release|x64
		{5D629A2C-B701-4D44-8DDE-4B09FFD62F61}.Release|x86.ActiveCfg = Release|Win32
		{5D629A2C-B701-4D44-8DDE-4B09FFD62F61}.Release|x86.Build.0 = Release|Win32
		{0633EBB8-D7CB-42E2-8DA9-A8C4ABFE498A}.Debug|x64.ActiveCfg = Debug|x64
		{0633EBB8-D7CB-42E2-8DA9-A8C4ABFE498A}.Debug|x64.Build.0 = Debug|x64
		{0633EBB8-D7CB-42E2-8DA9-A8C4ABFE498A}.Debug|x86.ActiveCfg = Debug|Win32
		{0633EBB8-D7CB-42E2-8DA9-A8C4ABFE498A}.Debug|x86.Build.0 = Debug|Win32
		{0633EBB8-D7CB-42E2-8DA9-A8C4ABFE498A}.Release|x64.ActiveCfg = Release|x64
		{0633EBB8-D7CB-42E2-8DA9-A8C4ABFE498A}.Release|x64.Build.0 = Release|x64
		{0633EBB8-D7CB-42E2-8DA9-A8C4ABFE498A}.Release|x86.ActiveCfg = Release|Win32
		{0633EBB8-D7CB-42E2-8DA9-A8C4ABFE498A}.Release|x86.Build.0 = Release|Win32
		{45B11C19-7D95-4B91-BF63-7E8E154AED93}.Debug|x64.ActiveCfg = Debug|x64
		{45B11C19-7D95-4B91-BF63-7E8E154AED93}.Debug|x64.Build.0 = Debug|x64
		{45B11C19-7D95-4B91-BF63-7E8E154AED93}.Debug|x86.ActiveCfg = Debug|Win32
		{45B11C19-7D95-4B91-BF63-7E8E154AED93}.Debug|x86.Build.0 = Debug|Win32
		{45B11C19-7D95-4B91-BF63-7E8E154AED93}.Release|x64.ActiveCfg = Release|x64
		{45B11C19-7D95-4B91-BF63-7E8E154AED93}.Release|x64.Build.0 = Release|x64
		{45B11C19-7D95-4B91-BF63-7E8E154AED93}.Release|x86.ActiveCfg = Release|Win32
		{45B11C19-7D95-4B91-BF63-7E8E154AED93}.Release|x86.Build.0 = Release|Win32
		{BEC80DF5-47B0-4322-8781-45A52AB9E8CA}.Debug|x64.ActiveCfg = Debug|x64
		{BEC80DF5-47B0-4322-8781-45A52AB9E8CA}.Debug|x64.Build.0 = Debug|x64
		{BEC80DF5-47B0-4322-8781-45A52AB9E8CA}.Debug|x86.ActiveCfg = Debug|Win32
		{BEC80DF5-47B0-4322-8781-45A52AB9E8CA}.Debug|x86.Build.0 = Debug|Win32
		{BEC80DF5-47B0-4322-8781-45A52AB9E8CA}.Release|x64.ActiveCfg = Release|x64
		{BEC80DF5-47B0-4322-8781-45A52AB9E8CA}.Release|x64.Build.0 = Release|x64
		{BEC80DF5-47B0-4322-8781-45A52AB9E8CA}.Release|x86.ActiveCfg = Release|Win32
		{BEC80DF5-47B0-4322-8781-45A52AB9E8CA}.Release|x86.Build.0 = Release|Win32
		{01440D39-BCAE-4684-B198-B8277416447E}.Debug|x64.ActiveCfg = Debug|x64
		{01440D39-BCAE-4684-B198-B8277416447E}.Debug|x64.Build.0 = Debug|x64
		{01440D39-BCAE-4684-B198-B8277416447E}.Debug|x86.ActiveCfg = Debug|Win32
		{01440D39-BCAE-4684-B198-B8277416447E}.Debug|x86.Build.0 = Debug|Win32
		{01440D39-BCAE-4684-B198-B8277416447E}.Release|x64.ActiveCfg = Release|x64
		{01440D39-BCAE-4684-B198-B8277416447E}.Release|x64.Build.0 = Release|x64
		{01440D39-BCAE-4684-B198-B8277416447E}.Release|x86.ActiveCfg = Release|Win32
		{01440D39-BCAE-4684-B198-B8277416447E}.Release|x86.Build.0 = Release|Win32
		{BFE547B2-7D46-454B-BCF4-244FA7917C9A}.Debug|x64.ActiveCfg = Debug|x64
		{BFE547B2-7D46-454B-BCF4-244FA7917C9A}.Debug|x64.Build.0 = Debug|x64
		{BFE547B2-7D46-454B-BCF4-244FA7917C9A}.Debug|x86.ActiveCfg = Debug|Win32
		{BFE547B2-7D46-454B-BCF4-244FA7917C9A}.Debug|x86.Build.0 = Debug|Win32
		{BFE547B2-7D46-454B-BCF4-244FA7917C9A}.Release|x64.ActiveCfg = Release|x64
		{BFE547B2-7D46-454B-BCF4-244FA7917C9A}.Release|x64.Build.0 = Release|x64
		{BFE547B2-7D46-454B-BCF4-244FA7917C9A}.Release|x86.ActiveCfg = Release|Win32
		{BFE547B2-7D46-454B-BCF4-244FA7917C9A}.Release|x86.Build.0 = Release|Win32
		{4F35DD56-5D36-4DE4-BDFF-08E49078AFEF}.Debug|x64.ActiveCfg = Debug|x64
		{4F35DD56-5D36-4DE4-BDFF-08E49078AFEF}.Debug|x64.Build.0 = Debug|x64
		{4F35DD56-5D36-4DE4-BDFF-08E49078AFEF}.Debug|x86.ActiveCfg = Debug|Win32
		{4F35DD56-5D36-4DE4-BDFF-08E49078AFEF}.Debug|x86.Build.0 = Debug|Win32
		{4F35DD56-5D36-4DE4-BDFF-08E49078AFEF}.Release|x64.ActiveCfg = Release|x64
		{4F35DD56-5D36-4DE4-BDFF-08E49078AFEF}.Release|x64.Build.0 = Release|x64
		{4F35DD56-5D36-4DE4-BDFF-08E49078AFEF}.Release|x86.ActiveCfg = Release|Win32
		{4F35DD56-5D36-4DE4-BDFF-08E49078AFEF}.Release|x86.Build.0 = Release|Win32
		{B052C9A9-371D-4B4A-B5B4-81393AC26C83}.Debug|x64.ActiveCfg = Debug|x64
		{B052C9A9-371D-4B4A-B5B4-81393AC26C83}.Debug|x64.Build.0 = Debug|x64
		{B052C9A9-371D-4B4A-B5B4-81393AC26C83}.Debug|x86.ActiveCfg = Debug|Win32
		{B052C9A9-371D-4B4A-B5B4-81393AC26C83}.Debug|x86.Build.0 = Debug|Win32
		{B052C9A9-371D-4B4A-B5B4-81393AC26C83}.Release|x64.ActiveCfg = Release|x64
		{B052C9A9-371D-4B4A-B5B4-81393AC26C83}.Release|x64.Build.0 = Release|x64
		{B052C9A9-371D-4B4A-B5B4-81393AC26C83}.Release|x86.ActiveCfg = Release|Win32
		{B052C9A9-371D-4B4A-B5B4-81393AC26C83}.Release|x86.Build.0 = Release|Win32
		{D17ABD23-B116-42C9-BC8E-D0F58181354C}.Debug|x64.ActiveCfg = Debug|x64
		{D17ABD23-B116-42C9-BC8E-D0F58181354C}.Debug|x64.Build.0 = Debug|x64
		{D17ABD23-B116-42C9-BC8E-D0F58181354C}.Debug|x86.ActiveCfg = Debug|Win32
		{D17ABD23-B116-42C9-BC8E-D0F58181354C}.Debug|x86.Build.0 = Debug|Win32
		{D17ABD23-B116-42C9-BC8E-D0F58181354C}.Release|x64.ActiveCfg = Release|x64
		{D17ABD23-B116-42C9-BC8E-D0F58181354C}.Release|x64.Build.0 = Release|x64
		{D17ABD23-B116-42C9-BC8E-D0F58181354C}.Release|x86.ActiveCfg = Release|Win32
		{D17ABD23-B116-42C9-BC8E-D0F58181354C}.Release|x86.Build.0 = Release|Win32
		{41D4399E-B638-4EC6-8DBB-BAF9ED2AA9BE}.Debug|x64.ActiveCfg = Debug|x64
		{41D4399E-B638-4EC6-8DBB-BAF9ED2AA9BE}.Debug|x64.Build.0 = Debug|x64
		{41D4399E-B638-4EC6-8DBB-BAF9ED2AA9BE}.Debug|x86.ActiveCfg = Debug|Win32
		{41D4399E-B638-4EC6-8DBB-BAF9ED2AA9BE}.Debug|x86.Build.0 = Debug|Win32
		{41D4399E-B638-4EC6-8DBB-BAF9ED2AA9BE}.Release|x64.ActiveCfg = Release|x64
		{41D4399E-B638-4EC6-8DBB-BAF9ED2AA9BE}.Release|x64.Build.0 = Release|x64
		{41D4399E-B638-4EC6-8DBB-BAF9ED2AA9BE}.Release|x86.ActiveCfg = Release|Win32
		{41D4399E-B638-4EC6-8DBB-BAF9ED2AA9BE}.Release|x86.Build.0 = Release|Win32
		{0D57AC42-590D-466C-9597-015A120CC477}.Debug|x64.ActiveCfg = Debug|x64
		{0D57AC42-590D-466C-9597-015A120CC477}.Debug|x64.Build.0 = Debug|x64
		{0D57AC42-590D-466C-9597-015A120CC477}.Debug|x86.ActiveCfg = Debug|Win32
		{0D57AC42-590D-466C-9597-015A120CC477}.Debug|x86.Build.0 = Debug|Win32
		{0D57AC42-590D-466C-9597-015A120CC477}.Release|x64.ActiveCfg = Release|x64
		{0D57AC42-590D-466C-9597-015A120CC477}.Release|x64.Build.0 = Release|x64
		{0D57AC42-590D-466C-9597-015A120CC477}.Release|x86.ActiveCfg = Release|Win32
		{0D57AC42-590D-466C-9597-015A120CC477}.Release|x86.Build.0 = Release|Win32
		{C273B81D-4908-4BC3-A48F-9C86B88315B8}.Debug|x64.ActiveCfg = Debug|x64
		{C273B81D-4908-4BC3-A48F-9C86B88315B8}.Debug|x64.Build.0 = Debug|x64
		{C273B81D-4908-4BC3-A48F-9C86B88315B8}.Debug|x86.ActiveCfg = Debug|Win32
		{C273B81D-4908-4BC3-A48F-9C86B88315B8}.Debug|x86.Build.0 = Debug|Win32
		{C273B81D-4908-4BC3-A48F-9C86B88315B8}.Release|x64.ActiveCfg = Release|x64
		{C273B81D-4908-4BC3-A48F-9C86B88315B8}.Release|x64.Build.0 = Release|x64
		{C273B81D-4908-4BC3-A48F-9C86B88315B8}.Release|x86.ActiveCfg = Release|Win32
		{C273B81D-4908-4BC3-A48F-9C86B88315B8}.Release|x86.Build.0 = Release|Win32
		{5D2538DD-650E-41FA-9D16-987EB8BFCACD}.Debug|x64.ActiveCfg = Debug|x64
		{5D2538DD-650E-41FA-9D16-987EB8BFCACD}.Debug|x64.Build.0 = Debug|x64
		{5D2538DD-650E-41FA-9D16-987EB8BFCACD}.Debug|x86.ActiveCfg = Debug|Win32
		{5D2538DD-650E-41FA-9D16-987EB8BFCACD}.Debug|x86.Build.0 = Debug|Win32
		{5D2538DD-650E-41FA-9D16-987EB8BFCACD}.Release|x64.ActiveCfg = Release|x64
		{5D2538DD-650E-41FA-9D16-987EB8BFCACD}.Release|x64.Build.0 = Release|x64
		{5D2538DD-650E-41FA-9D16-987EB8BFCACD}.Release|x86.ActiveCfg = Release|Win32
		{5D2538DD-650E-41FA-9D16-987EB8BFCACD}.Release|x86.Build.0 = Release|Win32
		{46FDD43C-041C-4BDF-9AB3-12BE5E39438D}.Debug|x64.ActiveCfg = Debug|x64
		{46FDD43C-041C-4BDF-9AB3-12BE5E39438D}.Debug|x64.Build.0 = Debug|x64
		{46FDD43C-041C-4BDF-9AB3-12BE5E39438D}.Debug|x86.ActiveCfg = Debug|Win32
		{46FDD43C-041C-4BDF-9AB3-12BE5E39438D}.Debug|x86.Build.0 = Debug|Win32
		{46FDD43C-041C-4BDF-9AB3-12BE5E39438D}.Release|x64.ActiveCfg = Release|x64
		{46FDD43C-041C-4BDF-9AB3-12BE5E39438D}.Release|x64.Build.0 = Release|x64
		{46FDD43C-041C-4BDF-9AB3-12BE5E39438D}.Release|x86.ActiveCfg = Release|Win32
		{46FDD43C-041C-4BDF-9AB3-12BE5E39438D}.Release|x86.Build.0 = Release|Win32
		{F8094967-B910-4343-B1A5-671C1FBE53A6}.Debug|x64.ActiveCfg = Debug|x64
		{F8094967-B910-4343-B1A5-671C1FBE53A6}.Debug|x64.Build.0 = Debug|x64
		{F8094967-B910-4343-B1A5-671C1FBE53A6}.Debug|x86.ActiveCfg = Debug|Win32
		{F8094967-B910-4343-B1A5-671C1FBE53A6}.Debug|x86.Build.0 = Debug|Win32
		{F8094967-B910-4343-B1A5-671C1FBE53A6}.Release|x64.ActiveCfg = Release|x64
		{F8094967-B910-4343-B1A5-671C1FBE53A6}.Release|x64.Build.0 = Release|x64
		{F8094967-B910-4343-B1A5-671C1FBE53A6}.Release|x86.ActiveCfg = Release|Win32
		{F8094967-B910-4343-B1A5-671C1FBE53A6}.Release|x86.Build.0 = Release|Win32
		{B965FF7F-D648-41D8-9A48-4C4EEA59419F}.Debug|x64.ActiveCfg = Debug|x64
		{B965FF7F-D648-41D8-9A48-4C4EEA59419F}.Debug|x64.Build.0 = Debug|x64
		{B965FF7F-D648-41D8-9A48-4C4EEA59419F}.Debug|x86.ActiveCfg = Debug|Win32
		{B965FF7F-D648-41D8-9A48-4C4EEA59419F}.Debug|x86.Build.0 = Debug|Win32
		{B965FF7F-D648-41D8-9A48-4C4EEA59419F}.Release|x64.ActiveCfg = Release|x64
		{B965FF7F-D648-41D8-9A48-4C4EEA59419F}.Release|x64.Build.0 = Release|x64
		{B965FF7F-D648-41D8-9A48-4C4EEA59419F}.Release|x86.ActiveCfg = Release|Win32
		{B965FF7F-D648-41D8-9A48-4C4EEA59419F}.Release|x86.Build.0 = Release|Win32
		{E8764085-08B5-431C-B8C3-9207BC8D36A0}.Debug|x64.ActiveCfg = Debug|x64
		{E8764085-08B5-431C-B8C3-9207BC8D36A0}.Debug|x64.Build.0 = Debug|x64
		{E8764085-08B5-431C-B8C3-9207BC8D36A0}.Debug|x86.ActiveCfg = Debug|Win32
		{E8764085-08B5-431C-B8C3-9207BC8D36A0}.Debug|x86.Build.0 = Debug|Win32
		{E8764085-08B5-431C-B8C3-9207BC8D36A0}.Release|x64.ActiveCfg = Release|x64
		{E8764085-08B5-431C-B8C3-9207BC8D36A0}.Release|x64.Build.0 = Release|x64
		{E8764085-08B5-431C-B8C3-9207BC8D36A0}.Release|x86.ActiveCfg = Release|Win32
		{E8764085-08B5-431C-B8C3-9207BC8D36A0}.Release|x86.Build.0 = Release|Win32
		{FE3F1F9D-1DFE-4304-8278-0D326D0EE1DB}.Debug|x64.ActiveCfg = Debug|x64
		{FE3F1F9D-1DFE-4304-8278-0D326D0EE1DB}.Debug|x64.Build.0 = Debug|x64
		{FE3F1F9D-1DFE-4304-8278-0D326D0EE1DB}.Debug|x86.ActiveCfg = Debug|Win32
		{FE3F1F9D-1DFE-4304-8278-0D326D0EE1DB}.Debug|x86.Build.0 = Debug|Win32
		{FE3F1F9D-1DFE-4304-8278-0D326D0EE1DB}.Release|x64.ActiveCfg = Release|x64
		{FE3F1F9D-1DFE-4304-8278-0D326D0EE1DB}.Release|x64.Build.0 = Release|x64
		{FE3F1F9D-1DFE-4304-8278-0D326D0EE1DB}.Release|x86.ActiveCfg = Release|Win32
		{FE3F1F9D-1DFE-4304-8278-0D326D0EE1DB}.Release|x86.Build.0 = Release|Win32
	EndGlobalSection
	GlobalSection(SolutionProperties) = preSolution
		HideSolutionNode = FALSE
	EndGlobalSection
	GlobalSection(ExtensibilityGlobals) = postSolution
		SolutionGuid = {D6269F5E-039B-4D73-A59F-5CDC7A65D449}
	EndGlobalSection
EndGlobal
