
Microsoft Visual Studio Solution File, Format Version 12.00
# Visual Studio 15
VisualStudioVersion = 15.0.28307.1209
MinimumVisualStudioVersion = 10.0.40219.1
Project("{8BC9CEB8-8B4A-11D0-8D11-00A0C91BC942}") = "boj1038", "BOJ\boj1038\boj1038.vcxproj", "{5DBEAC59-8205-4419-80B5-F6AEE0F36B9B}"
EndProject
Project("{8BC9CEB8-8B4A-11D0-8D11-00A0C91BC942}") = "boj23322", "BOJ\boj23322\boj23322.vcxproj", "{CE54EC09-C394-4C99-8905-C96504ABF031}"
EndProject
Project("{8BC9CEB8-8B4A-11D0-8D11-00A0C91BC942}") = "boj1092", "BOJ\boj1092\boj1092.vcxproj", "{AF0BCB2C-E163-4F35-A03A-34E905500B44}"
EndProject
Project("{8BC9CEB8-8B4A-11D0-8D11-00A0C91BC942}") = "boj1931", "BOJ\boj1931\boj1931.vcxproj", "{90332710-2664-45D7-9C37-002C6939FA52}"
EndProject
Project("{8BC9CEB8-8B4A-11D0-8D11-00A0C91BC942}") = "boj1946", "BOJ\boj1946\boj1946.vcxproj", "{60457B69-EA19-43C1-802E-0B40636FA428}"
EndProject
Project("{8BC9CEB8-8B4A-11D0-8D11-00A0C91BC942}") = "boj1967", "BOJ\boj1967\boj1967.vcxproj", "{BB19BA5B-6339-4C3F-BCEC-5A2CA3C649D9}"
EndProject
Project("{8BC9CEB8-8B4A-11D0-8D11-00A0C91BC942}") = "boj2293", "BOJ\boj2293\boj2293.vcxproj", "{CA81DD51-7C15-4385-AB9B-9667066D4854}"
EndProject
Project("{8BC9CEB8-8B4A-11D0-8D11-00A0C91BC942}") = "boj2573", "BOJ\boj2573\boj2573.vcxproj", "{681F24CF-9852-4C0E-AFB9-6604B3EDF50A}"
EndProject
Project("{8BC9CEB8-8B4A-11D0-8D11-00A0C91BC942}") = "boj11399", "BOJ\boj11399\boj11399.vcxproj", "{0C013E88-8555-4773-A490-3FD0C47602D9}"
EndProject
Project("{8BC9CEB8-8B4A-11D0-8D11-00A0C91BC942}") = "boj11658", "BOJ\boj11658\boj11658.vcxproj", "{1C2572D9-5D46-4AB1-98F8-DFEFE4C2B60B}"
EndProject
Project("{8BC9CEB8-8B4A-11D0-8D11-00A0C91BC942}") = "boj14503", "BOJ\boj14503\boj14503.vcxproj", "{C23A6F2E-7C42-4001-A7C6-CDED1DA2C1CB}"
EndProject
Project("{8BC9CEB8-8B4A-11D0-8D11-00A0C91BC942}") = "boj17353", "BOJ\boj17353\boj17353.vcxproj", "{316DF7E6-8896-4B61-9C97-6B498D57DB1D}"
EndProject
Project("{8BC9CEB8-8B4A-11D0-8D11-00A0C91BC942}") = "boj18352", "BOJ\boj18352\boj18352.vcxproj", "{CD7DA802-02C9-4A03-8D1F-C725CD8E040B}"
EndProject
Project("{8BC9CEB8-8B4A-11D0-8D11-00A0C91BC942}") = "boj18917", "BOJ\boj18917\boj18917.vcxproj", "{E15DEBB8-54C7-490C-805E-F0F4ED172E20}"
EndProject
Project("{8BC9CEB8-8B4A-11D0-8D11-00A0C91BC942}") = "SDS알고리즘특강 코테 4", "기업 코테\SDS 알고리즘특강 코테 4\SDS 알고리즘특강 코테 4.vcxproj", "{5D629A2C-B701-4D44-8DDE-4B09FFD62F61}"
EndProject
Project("{8BC9CEB8-8B4A-11D0-8D11-00A0C91BC942}") = "SDS알고리즘특강 코테 3", "기업 코테\SDS알고리즘특강 코테 2\SDS알고리즘특강 코테 2.vcxproj", "{0633EBB8-D7CB-42E2-8DA9-A8C4ABFE498A}"
EndProject
Project("{8BC9CEB8-8B4A-11D0-8D11-00A0C91BC942}") = "비즈테크파트너스 코테 2", "기업 코테\비즈테크바트너스 코테 2\비즈테크바트너스 코테 2.vcxproj", "{45B11C19-7D95-4B91-BF63-7E8E154AED93}"
EndProject
Project("{8BC9CEB8-8B4A-11D0-8D11-00A0C91BC942}") = "비즈테크파트너스 코테 3", "기업 코테\비즈테크파트너즈 코테 3\비즈테크파트너즈 코테 3.vcxproj", "{BEC80DF5-47B0-4322-8781-45A52AB9E8CA}"
EndProject
Project("{8BC9CEB8-8B4A-11D0-8D11-00A0C91BC942}") = "SDS알고리즘특강 코테1", "기업 코테\프로그래머스 데브메칭 코테 1\프로그래머스 데브메칭 코테 1.vcxproj", "{01440D39-BCAE-4684-B198-B8277416447E}"
EndProject
Project("{8BC9CEB8-8B4A-11D0-8D11-00A0C91BC942}") = "2018 KAKAO BLIND RECRUITMENT 코테 1", "프로그래머스\2018 KAKAO BLIND RECRUITMENT 코테 1\2018 KAKAO BLIND RECRUITMENT 코테 1.vcxproj", "{BFE547B2-7D46-454B-BCF4-244FA7917C9A}"
EndProject
Project("{8BC9CEB8-8B4A-11D0-8D11-00A0C91BC942}") = "2018 KAKAO BLIND RECRUITMENT 코테 2", "프로그래머스\2018 KAKAO BLIND RECRUITMENT 코테 2\2018 KAKAO BLIND RECRUITMENT 코테 2.vcxproj", "{4F35DD56-5D36-4DE4-BDFF-08E49078AFEF}"
EndProject
Project("{8BC9CEB8-8B4A-11D0-8D11-00A0C91BC942}") = "2021 Dev-Matching 상반기 코테 1", "프로그래머스\2021 Dev-Matching 상반기 코테 1\2021 Dev-Matching 상반기 코테 1.vcxproj", "{B052C9A9-371D-4B4A-B5B4-81393AC26C83}"
EndProject
Project("{8BC9CEB8-8B4A-11D0-8D11-00A0C91BC942}") = "2021 Dev-Matching 상반기 코테 2", "프로그래머스\2021 Dev-Matching 상반기 코테 2\2021 Dev-Matching 상반기 코테 2.vcxproj", "{D17ABD23-B116-42C9-BC8E-D0F58181354C}"
EndProject
Project("{8BC9CEB8-8B4A-11D0-8D11-00A0C91BC942}") = "2021카카오 채용연계인턴십 코테 1", "프로그래머스\2021카카오 채용연계인턴십 코테 1\2021카카오 채용연계인턴십 코테 1.vcxproj", "{41D4399E-B638-4EC6-8DBB-BAF9ED2AA9BE}"
EndProject
Project("{8BC9CEB8-8B4A-11D0-8D11-00A0C91BC942}") = "2021카카오 채용연계인턴십 코테 2", "프로그래머스\2021카카오 채용연계인턴십 코테 2\2021카카오 채용연계인턴십 코테 2.vcxproj", "{0D57AC42-590D-466C-9597-015A120CC477}"
EndProject
Project("{8BC9CEB8-8B4A-11D0-8D11-00A0C91BC942}") = "SW Export Academy 15230 알파벳 공부", "삼성 SW 아카데미\SW Export Academy 15230 알파벳 공부\SW Export Academy 15230 알파벳 공부.vcxproj", "{C273B81D-4908-4BC3-A48F-9C86B88315B8}"
EndProject
Project("{8BC9CEB8-8B4A-11D0-8D11-00A0C91BC942}") = "SW Export Academy 15612 체스판 위의 룩 배치", "삼성 SW 아카데미\SW Export Academy 15612체스판 위의 룩 배치\SW Export Academy 15612체스판 위의 룩 배치.vcxproj", "{5D2538DD-650E-41FA-9D16-987EB8BFCACD}"
EndProject
Project("{8BC9CEB8-8B4A-11D0-8D11-00A0C91BC942}") = "boj1976", "BOJ\boj1976\boj1976.vcxproj", "{46FDD43C-041C-4BDF-9AB3-12BE5E39438D}"
EndProject
Project("{8BC9CEB8-8B4A-11D0-8D11-00A0C91BC942}") = "boj13549", "BOJ\boj13549\boj13549.vcxproj", "{F8094967-B910-4343-B1A5-671C1FBE53A6}"
EndProject
Project("{8BC9CEB8-8B4A-11D0-8D11-00A0C91BC942}") = "boj2468", "BOJ\boj2468\boj2468.vcxproj", "{B965FF7F-D648-41D8-9A48-4C4EEA59419F}"
EndProject
Project("{8BC9CEB8-8B4A-11D0-8D11-00A0C91BC942}") = "boj1920", "BOJ\boj1920\boj1920.vcxproj", "{E8764085-08B5-431C-B8C3-9207BC8D36A0}"
EndProject
Project("{8BC9CEB8-8B4A-11D0-8D11-00A0C91BC942}") = "boj1766", "BOJ\boj1766\boj1766.vcxproj", "{FE3F1F9D-1DFE-4304-8278-0D326D0EE1DB}"
EndProject
Project("{8BC9CEB8-8B4A-11D0-8D11-00A0C91BC942}") = "boj1541", "BOJ\boj1541\boj1541.vcxproj", "{B02F3DA0-39C7-41ED-9766-432FD357A03F}"
EndProject
Project("{8BC9CEB8-8B4A-11D0-8D11-00A0C91BC942}") = "boj1339", "BOJ\boj1339\boj1339.vcxproj", "{314DC759-902A-4B62-AE16-9EDB72E31CF0}"
EndProject
Project("{8BC9CEB8-8B4A-11D0-8D11-00A0C91BC942}") = "boj1744", "BOJ\boj1744\boj1744.vcxproj", "{3A40658A-04B4-47AC-AA76-41798ED1243D}"
EndProject
Project("{8BC9CEB8-8B4A-11D0-8D11-00A0C91BC942}") = "boj16953", "BOJ\boj16953\boj16953.vcxproj", "{D7E529A4-B146-4811-8F5C-ADE5067BF0D7}"
EndProject
Project("{8BC9CEB8-8B4A-11D0-8D11-00A0C91BC942}") = "boj14916", "BOJ\boj14916\boj14916.vcxproj", "{511338C1-7C4A-4ECC-9427-BC08EE6D6F53}"
EndProject
Project("{8BC9CEB8-8B4A-11D0-8D11-00A0C91BC942}") = "boj1285", "BOJ\boj1285\boj1285.vcxproj", "{672D3BE4-D7B4-4E20-8EC2-0BE8ADAD38D9}"
EndProject
Project("{8BC9CEB8-8B4A-11D0-8D11-00A0C91BC942}") = "boj1449", "BOJ\boj1449\boj1449.vcxproj", "{CD8FEE68-2EB1-4FD4-A689-15D322DD2F5B}"
EndProject
Project("{8BC9CEB8-8B4A-11D0-8D11-00A0C91BC942}") = "boj11047", "BOJ\boj11047\boj11047.vcxproj", "{AAE97192-E0AD-4962-A530-1E5FE56656A2}"
EndProject
Project("{8BC9CEB8-8B4A-11D0-8D11-00A0C91BC942}") = "boj1114", "BOJ\boj1114\boj1114.vcxproj", "{BA32330F-D440-4C0A-9F43-C354DA03B742}"
EndProject
Project("{8BC9CEB8-8B4A-11D0-8D11-00A0C91BC942}") = "boj1789", "BOJ\boj1789\boj1789.vcxproj", "{F752C040-DD50-44F9-BDE9-E06294B493E8}"
EndProject
Project("{8BC9CEB8-8B4A-11D0-8D11-00A0C91BC942}") = "삼성전자 동계 알고리즘 특강 코테2", "삼성 SW 아카데미\삼성전자 동계 알고리즘 특강 코테2\삼성전자 동계 알고리즘 특강 코테2.vcxproj", "{C43E1CD8-2535-48F0-8C59-58C97DABA3D2}"
EndProject
Project("{8BC9CEB8-8B4A-11D0-8D11-00A0C91BC942}") = "삼성전자 동계 알고리즘 특강 코테1", "삼성 SW 아카데미\삼성전자 동계 알고리즘 특강 코테1\삼성전자 동계 알고리즘 특강 코테1.vcxproj", "{735AE654-03C4-414B-BF09-5A325D7F2807}"
EndProject
Project("{8BC9CEB8-8B4A-11D0-8D11-00A0C91BC942}") = "boj1439", "BOJ\boj1439\boj1439.vcxproj", "{25C3A17A-9D8D-431E-B49B-A57239CF59C6}"
EndProject
Project("{8BC9CEB8-8B4A-11D0-8D11-00A0C91BC942}") = "boj1016", "BOJ\boj1016\boj1016.vcxproj", "{23B48329-44B7-43DD-8368-8066521946B9}"
EndProject
Project("{8BC9CEB8-8B4A-11D0-8D11-00A0C91BC942}") = "ShowMetheCode 코테 1", "기업 코테\ShowMetheCode 코테 1\ShowMetheCode 코테 1.vcxproj", "{1132F248-E0FC-402E-AE70-130205BDE2F8}"
EndProject
Project("{8BC9CEB8-8B4A-11D0-8D11-00A0C91BC942}") = "ShowMetheCode 코테 2", "기업 코테\ShowMetheCode 코테 2\ShowMetheCode 코테 2.vcxproj", "{E255EADF-F015-4DB9-B782-BDEE9577CBF4}"
EndProject
Project("{8BC9CEB8-8B4A-11D0-8D11-00A0C91BC942}") = "ShowMetheCode 코테 3", "기업 코테\ShowMetheCode 코테 3\ShowMetheCode 코테 3.vcxproj", "{12A9FE0C-0F83-4585-BCAD-2DD62CC523D7}"
EndProject
Project("{8BC9CEB8-8B4A-11D0-8D11-00A0C91BC942}") = "boj1911", "BOJ\boj1911\boj1911.vcxproj", "{878DC240-55A2-4CE6-BD5C-A208A6801706}"
EndProject
Project("{8BC9CEB8-8B4A-11D0-8D11-00A0C91BC942}") = "boj1459", "BOJ\boj1459\boj1459.vcxproj", "{326878AB-99A0-4037-BF87-DCF4E31F32FD}"
EndProject
Project("{8BC9CEB8-8B4A-11D0-8D11-00A0C91BC942}") = "boj10165", "BOJ\boj10165\boj10165.vcxproj", "{558057C5-59A5-4A28-BA24-4D944D541BCE}"
EndProject
Project("{8BC9CEB8-8B4A-11D0-8D11-00A0C91BC942}") = "boj1167", "BOJ\boj1167\boj1167.vcxproj", "{5872C938-0740-4710-B7A6-74CF48C6EA8D}"
EndProject
Project("{8BC9CEB8-8B4A-11D0-8D11-00A0C91BC942}") = "boj1826", "BOJ\boj1826\boj1826.vcxproj", "{7C476AD8-097B-48E3-91A7-6113107CDE2F}"
EndProject
Project("{8BC9CEB8-8B4A-11D0-8D11-00A0C91BC942}") = "boj1259", "BOJ\boj1259\boj1259.vcxproj", "{E16A351E-66EA-4AE2-828D-9A94F8D9052A}"
EndProject
Project("{8BC9CEB8-8B4A-11D0-8D11-00A0C91BC942}") = "boj10845", "BOJ\boj10845\boj10845.vcxproj", "{BF1A865E-6EF4-47E6-9512-2B4C5F97E6D0}"
EndProject
Project("{8BC9CEB8-8B4A-11D0-8D11-00A0C91BC942}") = "boj2263", "BOJ\boj2263\boj2263.vcxproj", "{B7394D82-54A7-42F4-B3D2-8C8A40D5A80D}"
EndProject
Project("{8BC9CEB8-8B4A-11D0-8D11-00A0C91BC942}") = "boj1238", "BOJ\boj1238\boj1238.vcxproj", "{2B88D42E-C9A9-4E74-9010-8389F6576525}"
EndProject
Project("{8BC9CEB8-8B4A-11D0-8D11-00A0C91BC942}") = "boj11050", "BOJ\boj11050\boj11050.vcxproj", "{1D9F292B-8DE3-4FAE-AF15-E4C262715FC2}"
EndProject
Project("{8BC9CEB8-8B4A-11D0-8D11-00A0C91BC942}") = "boj10816", "BOJ\boj10816\boj10816.vcxproj", "{5514CAA7-C905-46E0-8B2F-02B5C83DEF08}"
EndProject
Project("{8BC9CEB8-8B4A-11D0-8D11-00A0C91BC942}") = "boj1654", "BOJ\boj1654\boj1654.vcxproj", "{7DED5D68-06E6-4C5A-B58E-46B052ABB34F}"
EndProject
Project("{8BC9CEB8-8B4A-11D0-8D11-00A0C91BC942}") = "boj9251", "BOJ\boj9251\boj9251.vcxproj", "{8E119305-6729-49EA-89BD-F2351A978DCA}"
EndProject
Project("{8BC9CEB8-8B4A-11D0-8D11-00A0C91BC942}") = "boj15829", "BOJ\boj15829\boj15829.vcxproj", "{B9A271FB-49D4-4A24-9762-AE7401639E4D}"
EndProject
Project("{8BC9CEB8-8B4A-11D0-8D11-00A0C91BC942}") = "boj2805", "BOJ\boj2805\boj2805.vcxproj", "{AD66FABB-BFFC-4329-ACC5-838A5DECAB71}"
EndProject
Project("{8BC9CEB8-8B4A-11D0-8D11-00A0C91BC942}") = "boj7662", "BOJ\boj7662\boj7662.vcxproj", "{D8081497-37C8-4137-832B-6068FA7527D3}"
EndProject
Project("{8BC9CEB8-8B4A-11D0-8D11-00A0C91BC942}") = "boj18870", "BOJ\boj18870\boj18870.vcxproj", "{75D5FAEE-A96C-4FF9-B9C7-960EE625408A}"
EndProject
Project("{8BC9CEB8-8B4A-11D0-8D11-00A0C91BC942}") = "boj4949", "BOJ\boj4949\boj4949.vcxproj", "{F8FA1104-304C-41B6-B7B7-9D6B33434FCC}"
EndProject
Project("{8BC9CEB8-8B4A-11D0-8D11-00A0C91BC942}") = "boj2108", "BOJ\boj2108\boj2108.vcxproj", "{369D6BFF-7A70-43C5-B8F6-3475458EB777}"
EndProject
Project("{8BC9CEB8-8B4A-11D0-8D11-00A0C91BC942}") = "boj2206", "BOJ\boj2206\boj2206.vcxproj", "{B68619F2-AC6A-4E1B-A317-311DC17204D1}"
EndProject
Project("{8BC9CEB8-8B4A-11D0-8D11-00A0C91BC942}") = "boj10757", "BOJ\boj10757\boj10757.vcxproj", "{73E8D86C-38A4-471A-8281-EB8C0D0370F4}"
EndProject
Project("{8BC9CEB8-8B4A-11D0-8D11-00A0C91BC942}") = "boj1074", "BOJ\boj1074\boj1074.vcxproj", "{378D9416-7DDF-4D22-9DDA-2227BF04AA0C}"
EndProject
Project("{8BC9CEB8-8B4A-11D0-8D11-00A0C91BC942}") = "2023 스프링코딩 코딩테스트 1", "기업 코테\2023 스프링코딩 코딩테스트 1\2023 스프링코딩 코딩테스트 1.vcxproj", "{FA570BE8-507D-46A2-B029-EFAA55B8F8F2}"
EndProject
Project("{8BC9CEB8-8B4A-11D0-8D11-00A0C91BC942}") = "2023 스프링코딩 코딩테스트 2", "기업 코테\2023 스프링코딩 코딩테스트 2\2023 스프링코딩 코딩테스트 2.vcxproj", "{37CFAB26-E1E1-4AEF-BC00-2654CF771EF5}"
EndProject
Project("{8BC9CEB8-8B4A-11D0-8D11-00A0C91BC942}") = "boj18111", "BOJ\boj18111\boj18111.vcxproj", "{077A2565-6D0A-4FD4-9DF3-A04B76B05E9F}"
EndProject
Project("{8BC9CEB8-8B4A-11D0-8D11-00A0C91BC942}") = "boj2630", "BOJ\boj2630\boj2630.vcxproj", "{B78416D2-4144-408F-9238-185F261DF908}"
EndProject
Project("{8BC9CEB8-8B4A-11D0-8D11-00A0C91BC942}") = "boj1620", "BOJ\boj1620\boj1620.vcxproj", "{D84C2757-E3EB-4A02-8A88-210B05B944DC}"
EndProject
Project("{8BC9CEB8-8B4A-11D0-8D11-00A0C91BC942}") = "boj1107", "BOJ\boj1107\boj1107.vcxproj", "{49F5FAE5-0272-47D2-898B-28AD4BAF59E0}"
EndProject
Project("{8BC9CEB8-8B4A-11D0-8D11-00A0C91BC942}") = "boj1389", "BOJ\boj1389\boj1389.vcxproj", "{BAE8F01A-E1F0-4E23-B6CA-B0E00827270B}"
EndProject
Project("{8BC9CEB8-8B4A-11D0-8D11-00A0C91BC942}") = "boj1780", "BOJ\boj1780\boj1780.vcxproj", "{57EC2D79-4500-4ED9-A342-A31A5B6BE430}"
EndProject
Project("{8BC9CEB8-8B4A-11D0-8D11-00A0C91BC942}") = "boj1992", "BOJ\boj1992\boj1992.vcxproj", "{5EF46731-8B64-455A-9B83-FFD14E816763}"
EndProject
Project("{8BC9CEB8-8B4A-11D0-8D11-00A0C91BC942}") = "boj5430", "BOJ\boj5430\boj5430.vcxproj", "{8A0D04FF-A06E-4A32-820B-281C8408D8A1}"
EndProject
Project("{8BC9CEB8-8B4A-11D0-8D11-00A0C91BC942}") = "boj5525", "BOJ\boj5525\boj5525.vcxproj", "{46537B33-2C9F-4D75-8C27-86412E1638B2}"
EndProject
Project("{8BC9CEB8-8B4A-11D0-8D11-00A0C91BC942}") = "boj2720", "BOJ\boj2720\boj2720.vcxproj", "{9B5F070B-F99B-49B7-BC74-2BDA3A7F364B}"
EndProject
Project("{8BC9CEB8-8B4A-11D0-8D11-00A0C91BC942}") = "boj9019", "BOJ\boj9019\boj9019.vcxproj", "{FE0F25AD-7E7D-40A9-84F8-42180034905F}"
EndProject
Project("{8BC9CEB8-8B4A-11D0-8D11-00A0C91BC942}") = "boj9375", "BOJ\boj9375\boj9375.vcxproj", "{229469FF-F363-498B-910B-CFD829013A67}"
EndProject
Project("{8BC9CEB8-8B4A-11D0-8D11-00A0C91BC942}") = "boj10026", "BOJ\boj10026\boj10026.vcxproj", "{1D83FCB6-D13F-4487-8F65-3233C72C3970}"
EndProject
Project("{8BC9CEB8-8B4A-11D0-8D11-00A0C91BC942}") = "boj16236", "BOJ\boj16236\boj16236.vcxproj", "{83F7AAD7-ACF7-4161-AE78-DC1AB176CCAE}"
EndProject
Project("{8BC9CEB8-8B4A-11D0-8D11-00A0C91BC942}") = "boj17219", "BOJ\boj17219\boj17219.vcxproj", "{35796C01-8A77-444F-9EFA-B05B0A4E1C69}"
EndProject
Project("{8BC9CEB8-8B4A-11D0-8D11-00A0C91BC942}") = "boj11659", "BOJ\boj11659\boj11659.vcxproj", "{9D705019-2991-4A0D-9982-EB1CCEADF993}"
EndProject
Project("{8BC9CEB8-8B4A-11D0-8D11-00A0C91BC942}") = "boj16928", "BOJ\boj16928\boj16928.vcxproj", "{273F3B02-89DE-4D18-B5FD-3E3E0C5BB0A3}"
EndProject
Project("{8BC9CEB8-8B4A-11D0-8D11-00A0C91BC942}") = "boj17626", "BOJ\boj17626\boj17626.vcxproj", "{567D999C-5CA6-4AF3-B8C3-C39344595E11}"
EndProject
Project("{8BC9CEB8-8B4A-11D0-8D11-00A0C91BC942}") = "boj1083", "BOJ\boj1083\boj1083.vcxproj", "{D335375A-91EA-44C3-9A8B-52D5954A80F6}"
EndProject
Project("{8BC9CEB8-8B4A-11D0-8D11-00A0C91BC942}") = "boj14500", "BOJ\boj14500\boj14500.vcxproj", "{51FF5223-2452-4210-88C8-7BC6C75F38D5}"
EndProject
Project("{8BC9CEB8-8B4A-11D0-8D11-00A0C91BC942}") = "boj5341", "BOJ\boj5341\boj5341.vcxproj", "{039AE1AC-93A6-41D6-8DDB-07E24E64C860}"
EndProject
Project("{8BC9CEB8-8B4A-11D0-8D11-00A0C91BC942}") = "boj1865", "BOJ\boj1865\boj1865.vcxproj", "{3FE030C2-BACE-4E2E-B7C0-00EDC82C8E8B}"
EndProject
Project("{8BC9CEB8-8B4A-11D0-8D11-00A0C91BC942}") = "boj1071", "BOJ\boj1071\boj1071.vcxproj", "{2C22AEAB-F7B7-479E-B266-3F10BFBF386D}"
EndProject
Project("{8BC9CEB8-8B4A-11D0-8D11-00A0C91BC942}") = "boj15654", "BOJ\boj15654\boj15654.vcxproj", "{4356793A-5FAC-430C-8CA4-C17998812EC8}"
EndProject
Project("{8BC9CEB8-8B4A-11D0-8D11-00A0C91BC942}") = "boj1991", "BOJ\boj1991\boj1991.vcxproj", "{BD7F84FD-6FA9-4815-ABB8-05AADEA2D6E1}"
EndProject
Project("{8BC9CEB8-8B4A-11D0-8D11-00A0C91BC942}") = "boj12865", "BOJ\boj12865\boj12865.vcxproj", "{C325D323-B3C3-41EA-A27F-5D063083743B}"
EndProject
Project("{8BC9CEB8-8B4A-11D0-8D11-00A0C91BC942}") = "boj11660", "BOJ\boj11660\boj11660.vcxproj", "{386E35CC-F141-41A6-8F26-D33FE4E0DEF8}"
EndProject
Project("{8BC9CEB8-8B4A-11D0-8D11-00A0C91BC942}") = "boj11725", "BOJ\boj11725\boj11725.vcxproj", "{2CA6DF06-4AEE-48BA-9855-634BF9368C3F}"
EndProject
Global
	GlobalSection(SolutionConfigurationPlatforms) = preSolution
		Debug|x64 = Debug|x64
		Debug|x86 = Debug|x86
		Release|x64 = Release|x64
		Release|x86 = Release|x86
	EndGlobalSection
	GlobalSection(ProjectConfigurationPlatforms) = postSolution
		{5DBEAC59-8205-4419-80B5-F6AEE0F36B9B}.Debug|x64.ActiveCfg = Debug|x64
		{5DBEAC59-8205-4419-80B5-F6AEE0F36B9B}.Debug|x64.Build.0 = Debug|x64
		{5DBEAC59-8205-4419-80B5-F6AEE0F36B9B}.Debug|x86.ActiveCfg = Debug|Win32
		{5DBEAC59-8205-4419-80B5-F6AEE0F36B9B}.Debug|x86.Build.0 = Debug|Win32
		{5DBEAC59-8205-4419-80B5-F6AEE0F36B9B}.Release|x64.ActiveCfg = Release|x64
		{5DBEAC59-8205-4419-80B5-F6AEE0F36B9B}.Release|x64.Build.0 = Release|x64
		{5DBEAC59-8205-4419-80B5-F6AEE0F36B9B}.Release|x86.ActiveCfg = Release|Win32
		{5DBEAC59-8205-4419-80B5-F6AEE0F36B9B}.Release|x86.Build.0 = Release|Win32
		{CE54EC09-C394-4C99-8905-C96504ABF031}.Debug|x64.ActiveCfg = Debug|x64
		{CE54EC09-C394-4C99-8905-C96504ABF031}.Debug|x64.Build.0 = Debug|x64
		{CE54EC09-C394-4C99-8905-C96504ABF031}.Debug|x86.ActiveCfg = Debug|Win32
		{CE54EC09-C394-4C99-8905-C96504ABF031}.Debug|x86.Build.0 = Debug|Win32
		{CE54EC09-C394-4C99-8905-C96504ABF031}.Release|x64.ActiveCfg = Release|x64
		{CE54EC09-C394-4C99-8905-C96504ABF031}.Release|x64.Build.0 = Release|x64
		{CE54EC09-C394-4C99-8905-C96504ABF031}.Release|x86.ActiveCfg = Release|Win32
		{CE54EC09-C394-4C99-8905-C96504ABF031}.Release|x86.Build.0 = Release|Win32
		{AF0BCB2C-E163-4F35-A03A-34E905500B44}.Debug|x64.ActiveCfg = Debug|x64
		{AF0BCB2C-E163-4F35-A03A-34E905500B44}.Debug|x64.Build.0 = Debug|x64
		{AF0BCB2C-E163-4F35-A03A-34E905500B44}.Debug|x86.ActiveCfg = Debug|Win32
		{AF0BCB2C-E163-4F35-A03A-34E905500B44}.Debug|x86.Build.0 = Debug|Win32
		{AF0BCB2C-E163-4F35-A03A-34E905500B44}.Release|x64.ActiveCfg = Release|x64
		{AF0BCB2C-E163-4F35-A03A-34E905500B44}.Release|x64.Build.0 = Release|x64
		{AF0BCB2C-E163-4F35-A03A-34E905500B44}.Release|x86.ActiveCfg = Release|Win32
		{AF0BCB2C-E163-4F35-A03A-34E905500B44}.Release|x86.Build.0 = Release|Win32
		{90332710-2664-45D7-9C37-002C6939FA52}.Debug|x64.ActiveCfg = Debug|x64
		{90332710-2664-45D7-9C37-002C6939FA52}.Debug|x64.Build.0 = Debug|x64
		{90332710-2664-45D7-9C37-002C6939FA52}.Debug|x86.ActiveCfg = Debug|Win32
		{90332710-2664-45D7-9C37-002C6939FA52}.Debug|x86.Build.0 = Debug|Win32
		{90332710-2664-45D7-9C37-002C6939FA52}.Release|x64.ActiveCfg = Release|x64
		{90332710-2664-45D7-9C37-002C6939FA52}.Release|x64.Build.0 = Release|x64
		{90332710-2664-45D7-9C37-002C6939FA52}.Release|x86.ActiveCfg = Release|Win32
		{90332710-2664-45D7-9C37-002C6939FA52}.Release|x86.Build.0 = Release|Win32
		{60457B69-EA19-43C1-802E-0B40636FA428}.Debug|x64.ActiveCfg = Debug|x64
		{60457B69-EA19-43C1-802E-0B40636FA428}.Debug|x64.Build.0 = Debug|x64
		{60457B69-EA19-43C1-802E-0B40636FA428}.Debug|x86.ActiveCfg = Debug|Win32
		{60457B69-EA19-43C1-802E-0B40636FA428}.Debug|x86.Build.0 = Debug|Win32
		{60457B69-EA19-43C1-802E-0B40636FA428}.Release|x64.ActiveCfg = Release|x64
		{60457B69-EA19-43C1-802E-0B40636FA428}.Release|x64.Build.0 = Release|x64
		{60457B69-EA19-43C1-802E-0B40636FA428}.Release|x86.ActiveCfg = Release|Win32
		{60457B69-EA19-43C1-802E-0B40636FA428}.Release|x86.Build.0 = Release|Win32
		{BB19BA5B-6339-4C3F-BCEC-5A2CA3C649D9}.Debug|x64.ActiveCfg = Debug|x64
		{BB19BA5B-6339-4C3F-BCEC-5A2CA3C649D9}.Debug|x64.Build.0 = Debug|x64
		{BB19BA5B-6339-4C3F-BCEC-5A2CA3C649D9}.Debug|x86.ActiveCfg = Debug|Win32
		{BB19BA5B-6339-4C3F-BCEC-5A2CA3C649D9}.Debug|x86.Build.0 = Debug|Win32
		{BB19BA5B-6339-4C3F-BCEC-5A2CA3C649D9}.Release|x64.ActiveCfg = Release|x64
		{BB19BA5B-6339-4C3F-BCEC-5A2CA3C649D9}.Release|x64.Build.0 = Release|x64
		{BB19BA5B-6339-4C3F-BCEC-5A2CA3C649D9}.Release|x86.ActiveCfg = Release|Win32
		{BB19BA5B-6339-4C3F-BCEC-5A2CA3C649D9}.Release|x86.Build.0 = Release|Win32
		{CA81DD51-7C15-4385-AB9B-9667066D4854}.Debug|x64.ActiveCfg = Debug|x64
		{CA81DD51-7C15-4385-AB9B-9667066D4854}.Debug|x64.Build.0 = Debug|x64
		{CA81DD51-7C15-4385-AB9B-9667066D4854}.Debug|x86.ActiveCfg = Debug|Win32
		{CA81DD51-7C15-4385-AB9B-9667066D4854}.Debug|x86.Build.0 = Debug|Win32
		{CA81DD51-7C15-4385-AB9B-9667066D4854}.Release|x64.ActiveCfg = Release|x64
		{CA81DD51-7C15-4385-AB9B-9667066D4854}.Release|x64.Build.0 = Release|x64
		{CA81DD51-7C15-4385-AB9B-9667066D4854}.Release|x86.ActiveCfg = Release|Win32
		{CA81DD51-7C15-4385-AB9B-9667066D4854}.Release|x86.Build.0 = Release|Win32
		{681F24CF-9852-4C0E-AFB9-6604B3EDF50A}.Debug|x64.ActiveCfg = Debug|x64
		{681F24CF-9852-4C0E-AFB9-6604B3EDF50A}.Debug|x64.Build.0 = Debug|x64
		{681F24CF-9852-4C0E-AFB9-6604B3EDF50A}.Debug|x86.ActiveCfg = Debug|Win32
		{681F24CF-9852-4C0E-AFB9-6604B3EDF50A}.Debug|x86.Build.0 = Debug|Win32
		{681F24CF-9852-4C0E-AFB9-6604B3EDF50A}.Release|x64.ActiveCfg = Release|x64
		{681F24CF-9852-4C0E-AFB9-6604B3EDF50A}.Release|x64.Build.0 = Release|x64
		{681F24CF-9852-4C0E-AFB9-6604B3EDF50A}.Release|x86.ActiveCfg = Release|Win32
		{681F24CF-9852-4C0E-AFB9-6604B3EDF50A}.Release|x86.Build.0 = Release|Win32
		{0C013E88-8555-4773-A490-3FD0C47602D9}.Debug|x64.ActiveCfg = Debug|x64
		{0C013E88-8555-4773-A490-3FD0C47602D9}.Debug|x64.Build.0 = Debug|x64
		{0C013E88-8555-4773-A490-3FD0C47602D9}.Debug|x86.ActiveCfg = Debug|Win32
		{0C013E88-8555-4773-A490-3FD0C47602D9}.Debug|x86.Build.0 = Debug|Win32
		{0C013E88-8555-4773-A490-3FD0C47602D9}.Release|x64.ActiveCfg = Release|x64
		{0C013E88-8555-4773-A490-3FD0C47602D9}.Release|x64.Build.0 = Release|x64
		{0C013E88-8555-4773-A490-3FD0C47602D9}.Release|x86.ActiveCfg = Release|Win32
		{0C013E88-8555-4773-A490-3FD0C47602D9}.Release|x86.Build.0 = Release|Win32
		{1C2572D9-5D46-4AB1-98F8-DFEFE4C2B60B}.Debug|x64.ActiveCfg = Debug|x64
		{1C2572D9-5D46-4AB1-98F8-DFEFE4C2B60B}.Debug|x64.Build.0 = Debug|x64
		{1C2572D9-5D46-4AB1-98F8-DFEFE4C2B60B}.Debug|x86.ActiveCfg = Debug|Win32
		{1C2572D9-5D46-4AB1-98F8-DFEFE4C2B60B}.Debug|x86.Build.0 = Debug|Win32
		{1C2572D9-5D46-4AB1-98F8-DFEFE4C2B60B}.Release|x64.ActiveCfg = Release|x64
		{1C2572D9-5D46-4AB1-98F8-DFEFE4C2B60B}.Release|x64.Build.0 = Release|x64
		{1C2572D9-5D46-4AB1-98F8-DFEFE4C2B60B}.Release|x86.ActiveCfg = Release|Win32
		{1C2572D9-5D46-4AB1-98F8-DFEFE4C2B60B}.Release|x86.Build.0 = Release|Win32
		{C23A6F2E-7C42-4001-A7C6-CDED1DA2C1CB}.Debug|x64.ActiveCfg = Debug|x64
		{C23A6F2E-7C42-4001-A7C6-CDED1DA2C1CB}.Debug|x64.Build.0 = Debug|x64
		{C23A6F2E-7C42-4001-A7C6-CDED1DA2C1CB}.Debug|x86.ActiveCfg = Debug|Win32
		{C23A6F2E-7C42-4001-A7C6-CDED1DA2C1CB}.Debug|x86.Build.0 = Debug|Win32
		{C23A6F2E-7C42-4001-A7C6-CDED1DA2C1CB}.Release|x64.ActiveCfg = Release|x64
		{C23A6F2E-7C42-4001-A7C6-CDED1DA2C1CB}.Release|x64.Build.0 = Release|x64
		{C23A6F2E-7C42-4001-A7C6-CDED1DA2C1CB}.Release|x86.ActiveCfg = Release|Win32
		{C23A6F2E-7C42-4001-A7C6-CDED1DA2C1CB}.Release|x86.Build.0 = Release|Win32
		{316DF7E6-8896-4B61-9C97-6B498D57DB1D}.Debug|x64.ActiveCfg = Debug|x64
		{316DF7E6-8896-4B61-9C97-6B498D57DB1D}.Debug|x64.Build.0 = Debug|x64
		{316DF7E6-8896-4B61-9C97-6B498D57DB1D}.Debug|x86.ActiveCfg = Debug|Win32
		{316DF7E6-8896-4B61-9C97-6B498D57DB1D}.Debug|x86.Build.0 = Debug|Win32
		{316DF7E6-8896-4B61-9C97-6B498D57DB1D}.Release|x64.ActiveCfg = Release|x64
		{316DF7E6-8896-4B61-9C97-6B498D57DB1D}.Release|x64.Build.0 = Release|x64
		{316DF7E6-8896-4B61-9C97-6B498D57DB1D}.Release|x86.ActiveCfg = Release|Win32
		{316DF7E6-8896-4B61-9C97-6B498D57DB1D}.Release|x86.Build.0 = Release|Win32
		{CD7DA802-02C9-4A03-8D1F-C725CD8E040B}.Debug|x64.ActiveCfg = Debug|x64
		{CD7DA802-02C9-4A03-8D1F-C725CD8E040B}.Debug|x64.Build.0 = Debug|x64
		{CD7DA802-02C9-4A03-8D1F-C725CD8E040B}.Debug|x86.ActiveCfg = Debug|Win32
		{CD7DA802-02C9-4A03-8D1F-C725CD8E040B}.Debug|x86.Build.0 = Debug|Win32
		{CD7DA802-02C9-4A03-8D1F-C725CD8E040B}.Release|x64.ActiveCfg = Release|x64
		{CD7DA802-02C9-4A03-8D1F-C725CD8E040B}.Release|x64.Build.0 = Release|x64
		{CD7DA802-02C9-4A03-8D1F-C725CD8E040B}.Release|x86.ActiveCfg = Release|Win32
		{CD7DA802-02C9-4A03-8D1F-C725CD8E040B}.Release|x86.Build.0 = Release|Win32
		{E15DEBB8-54C7-490C-805E-F0F4ED172E20}.Debug|x64.ActiveCfg = Debug|x64
		{E15DEBB8-54C7-490C-805E-F0F4ED172E20}.Debug|x64.Build.0 = Debug|x64
		{E15DEBB8-54C7-490C-805E-F0F4ED172E20}.Debug|x86.ActiveCfg = Debug|Win32
		{E15DEBB8-54C7-490C-805E-F0F4ED172E20}.Debug|x86.Build.0 = Debug|Win32
		{E15DEBB8-54C7-490C-805E-F0F4ED172E20}.Release|x64.ActiveCfg = Release|x64
		{E15DEBB8-54C7-490C-805E-F0F4ED172E20}.Release|x64.Build.0 = Release|x64
		{E15DEBB8-54C7-490C-805E-F0F4ED172E20}.Release|x86.ActiveCfg = Release|Win32
		{E15DEBB8-54C7-490C-805E-F0F4ED172E20}.Release|x86.Build.0 = Release|Win32
		{5D629A2C-B701-4D44-8DDE-4B09FFD62F61}.Debug|x64.ActiveCfg = Debug|x64
		{5D629A2C-B701-4D44-8DDE-4B09FFD62F61}.Debug|x64.Build.0 = Debug|x64
		{5D629A2C-B701-4D44-8DDE-4B09FFD62F61}.Debug|x86.ActiveCfg = Debug|Win32
		{5D629A2C-B701-4D44-8DDE-4B09FFD62F61}.Debug|x86.Build.0 = Debug|Win32
		{5D629A2C-B701-4D44-8DDE-4B09FFD62F61}.Release|x64.ActiveCfg = Release|x64
		{5D629A2C-B701-4D44-8DDE-4B09FFD62F61}.Release|x64.Build.0 = Release|x64
		{5D629A2C-B701-4D44-8DDE-4B09FFD62F61}.Release|x86.ActiveCfg = Release|Win32
		{5D629A2C-B701-4D44-8DDE-4B09FFD62F61}.Release|x86.Build.0 = Release|Win32
		{0633EBB8-D7CB-42E2-8DA9-A8C4ABFE498A}.Debug|x64.ActiveCfg = Debug|x64
		{0633EBB8-D7CB-42E2-8DA9-A8C4ABFE498A}.Debug|x64.Build.0 = Debug|x64
		{0633EBB8-D7CB-42E2-8DA9-A8C4ABFE498A}.Debug|x86.ActiveCfg = Debug|Win32
		{0633EBB8-D7CB-42E2-8DA9-A8C4ABFE498A}.Debug|x86.Build.0 = Debug|Win32
		{0633EBB8-D7CB-42E2-8DA9-A8C4ABFE498A}.Release|x64.ActiveCfg = Release|x64
		{0633EBB8-D7CB-42E2-8DA9-A8C4ABFE498A}.Release|x64.Build.0 = Release|x64
		{0633EBB8-D7CB-42E2-8DA9-A8C4ABFE498A}.Release|x86.ActiveCfg = Release|Win32
		{0633EBB8-D7CB-42E2-8DA9-A8C4ABFE498A}.Release|x86.Build.0 = Release|Win32
		{45B11C19-7D95-4B91-BF63-7E8E154AED93}.Debug|x64.ActiveCfg = Debug|x64
		{45B11C19-7D95-4B91-BF63-7E8E154AED93}.Debug|x64.Build.0 = Debug|x64
		{45B11C19-7D95-4B91-BF63-7E8E154AED93}.Debug|x86.ActiveCfg = Debug|Win32
		{45B11C19-7D95-4B91-BF63-7E8E154AED93}.Debug|x86.Build.0 = Debug|Win32
		{45B11C19-7D95-4B91-BF63-7E8E154AED93}.Release|x64.ActiveCfg = Release|x64
		{45B11C19-7D95-4B91-BF63-7E8E154AED93}.Release|x64.Build.0 = Release|x64
		{45B11C19-7D95-4B91-BF63-7E8E154AED93}.Release|x86.ActiveCfg = Release|Win32
		{45B11C19-7D95-4B91-BF63-7E8E154AED93}.Release|x86.Build.0 = Release|Win32
		{BEC80DF5-47B0-4322-8781-45A52AB9E8CA}.Debug|x64.ActiveCfg = Debug|x64
		{BEC80DF5-47B0-4322-8781-45A52AB9E8CA}.Debug|x64.Build.0 = Debug|x64
		{BEC80DF5-47B0-4322-8781-45A52AB9E8CA}.Debug|x86.ActiveCfg = Debug|Win32
		{BEC80DF5-47B0-4322-8781-45A52AB9E8CA}.Debug|x86.Build.0 = Debug|Win32
		{BEC80DF5-47B0-4322-8781-45A52AB9E8CA}.Release|x64.ActiveCfg = Release|x64
		{BEC80DF5-47B0-4322-8781-45A52AB9E8CA}.Release|x64.Build.0 = Release|x64
		{BEC80DF5-47B0-4322-8781-45A52AB9E8CA}.Release|x86.ActiveCfg = Release|Win32
		{BEC80DF5-47B0-4322-8781-45A52AB9E8CA}.Release|x86.Build.0 = Release|Win32
		{01440D39-BCAE-4684-B198-B8277416447E}.Debug|x64.ActiveCfg = Debug|x64
		{01440D39-BCAE-4684-B198-B8277416447E}.Debug|x64.Build.0 = Debug|x64
		{01440D39-BCAE-4684-B198-B8277416447E}.Debug|x86.ActiveCfg = Debug|Win32
		{01440D39-BCAE-4684-B198-B8277416447E}.Debug|x86.Build.0 = Debug|Win32
		{01440D39-BCAE-4684-B198-B8277416447E}.Release|x64.ActiveCfg = Release|x64
		{01440D39-BCAE-4684-B198-B8277416447E}.Release|x64.Build.0 = Release|x64
		{01440D39-BCAE-4684-B198-B8277416447E}.Release|x86.ActiveCfg = Release|Win32
		{01440D39-BCAE-4684-B198-B8277416447E}.Release|x86.Build.0 = Release|Win32
		{BFE547B2-7D46-454B-BCF4-244FA7917C9A}.Debug|x64.ActiveCfg = Debug|x64
		{BFE547B2-7D46-454B-BCF4-244FA7917C9A}.Debug|x64.Build.0 = Debug|x64
		{BFE547B2-7D46-454B-BCF4-244FA7917C9A}.Debug|x86.ActiveCfg = Debug|Win32
		{BFE547B2-7D46-454B-BCF4-244FA7917C9A}.Debug|x86.Build.0 = Debug|Win32
		{BFE547B2-7D46-454B-BCF4-244FA7917C9A}.Release|x64.ActiveCfg = Release|x64
		{BFE547B2-7D46-454B-BCF4-244FA7917C9A}.Release|x64.Build.0 = Release|x64
		{BFE547B2-7D46-454B-BCF4-244FA7917C9A}.Release|x86.ActiveCfg = Release|Win32
		{BFE547B2-7D46-454B-BCF4-244FA7917C9A}.Release|x86.Build.0 = Release|Win32
		{4F35DD56-5D36-4DE4-BDFF-08E49078AFEF}.Debug|x64.ActiveCfg = Debug|x64
		{4F35DD56-5D36-4DE4-BDFF-08E49078AFEF}.Debug|x64.Build.0 = Debug|x64
		{4F35DD56-5D36-4DE4-BDFF-08E49078AFEF}.Debug|x86.ActiveCfg = Debug|Win32
		{4F35DD56-5D36-4DE4-BDFF-08E49078AFEF}.Debug|x86.Build.0 = Debug|Win32
		{4F35DD56-5D36-4DE4-BDFF-08E49078AFEF}.Release|x64.ActiveCfg = Release|x64
		{4F35DD56-5D36-4DE4-BDFF-08E49078AFEF}.Release|x64.Build.0 = Release|x64
		{4F35DD56-5D36-4DE4-BDFF-08E49078AFEF}.Release|x86.ActiveCfg = Release|Win32
		{4F35DD56-5D36-4DE4-BDFF-08E49078AFEF}.Release|x86.Build.0 = Release|Win32
		{B052C9A9-371D-4B4A-B5B4-81393AC26C83}.Debug|x64.ActiveCfg = Debug|x64
		{B052C9A9-371D-4B4A-B5B4-81393AC26C83}.Debug|x64.Build.0 = Debug|x64
		{B052C9A9-371D-4B4A-B5B4-81393AC26C83}.Debug|x86.ActiveCfg = Debug|Win32
		{B052C9A9-371D-4B4A-B5B4-81393AC26C83}.Debug|x86.Build.0 = Debug|Win32
		{B052C9A9-371D-4B4A-B5B4-81393AC26C83}.Release|x64.ActiveCfg = Release|x64
		{B052C9A9-371D-4B4A-B5B4-81393AC26C83}.Release|x64.Build.0 = Release|x64
		{B052C9A9-371D-4B4A-B5B4-81393AC26C83}.Release|x86.ActiveCfg = Release|Win32
		{B052C9A9-371D-4B4A-B5B4-81393AC26C83}.Release|x86.Build.0 = Release|Win32
		{D17ABD23-B116-42C9-BC8E-D0F58181354C}.Debug|x64.ActiveCfg = Debug|x64
		{D17ABD23-B116-42C9-BC8E-D0F58181354C}.Debug|x64.Build.0 = Debug|x64
		{D17ABD23-B116-42C9-BC8E-D0F58181354C}.Debug|x86.ActiveCfg = Debug|Win32
		{D17ABD23-B116-42C9-BC8E-D0F58181354C}.Debug|x86.Build.0 = Debug|Win32
		{D17ABD23-B116-42C9-BC8E-D0F58181354C}.Release|x64.ActiveCfg = Release|x64
		{D17ABD23-B116-42C9-BC8E-D0F58181354C}.Release|x64.Build.0 = Release|x64
		{D17ABD23-B116-42C9-BC8E-D0F58181354C}.Release|x86.ActiveCfg = Release|Win32
		{D17ABD23-B116-42C9-BC8E-D0F58181354C}.Release|x86.Build.0 = Release|Win32
		{41D4399E-B638-4EC6-8DBB-BAF9ED2AA9BE}.Debug|x64.ActiveCfg = Debug|x64
		{41D4399E-B638-4EC6-8DBB-BAF9ED2AA9BE}.Debug|x64.Build.0 = Debug|x64
		{41D4399E-B638-4EC6-8DBB-BAF9ED2AA9BE}.Debug|x86.ActiveCfg = Debug|Win32
		{41D4399E-B638-4EC6-8DBB-BAF9ED2AA9BE}.Debug|x86.Build.0 = Debug|Win32
		{41D4399E-B638-4EC6-8DBB-BAF9ED2AA9BE}.Release|x64.ActiveCfg = Release|x64
		{41D4399E-B638-4EC6-8DBB-BAF9ED2AA9BE}.Release|x64.Build.0 = Release|x64
		{41D4399E-B638-4EC6-8DBB-BAF9ED2AA9BE}.Release|x86.ActiveCfg = Release|Win32
		{41D4399E-B638-4EC6-8DBB-BAF9ED2AA9BE}.Release|x86.Build.0 = Release|Win32
		{0D57AC42-590D-466C-9597-015A120CC477}.Debug|x64.ActiveCfg = Debug|x64
		{0D57AC42-590D-466C-9597-015A120CC477}.Debug|x64.Build.0 = Debug|x64
		{0D57AC42-590D-466C-9597-015A120CC477}.Debug|x86.ActiveCfg = Debug|Win32
		{0D57AC42-590D-466C-9597-015A120CC477}.Debug|x86.Build.0 = Debug|Win32
		{0D57AC42-590D-466C-9597-015A120CC477}.Release|x64.ActiveCfg = Release|x64
		{0D57AC42-590D-466C-9597-015A120CC477}.Release|x64.Build.0 = Release|x64
		{0D57AC42-590D-466C-9597-015A120CC477}.Release|x86.ActiveCfg = Release|Win32
		{0D57AC42-590D-466C-9597-015A120CC477}.Release|x86.Build.0 = Release|Win32
		{C273B81D-4908-4BC3-A48F-9C86B88315B8}.Debug|x64.ActiveCfg = Debug|x64
		{C273B81D-4908-4BC3-A48F-9C86B88315B8}.Debug|x64.Build.0 = Debug|x64
		{C273B81D-4908-4BC3-A48F-9C86B88315B8}.Debug|x86.ActiveCfg = Debug|Win32
		{C273B81D-4908-4BC3-A48F-9C86B88315B8}.Debug|x86.Build.0 = Debug|Win32
		{C273B81D-4908-4BC3-A48F-9C86B88315B8}.Release|x64.ActiveCfg = Release|x64
		{C273B81D-4908-4BC3-A48F-9C86B88315B8}.Release|x64.Build.0 = Release|x64
		{C273B81D-4908-4BC3-A48F-9C86B88315B8}.Release|x86.ActiveCfg = Release|Win32
		{C273B81D-4908-4BC3-A48F-9C86B88315B8}.Release|x86.Build.0 = Release|Win32
		{5D2538DD-650E-41FA-9D16-987EB8BFCACD}.Debug|x64.ActiveCfg = Debug|x64
		{5D2538DD-650E-41FA-9D16-987EB8BFCACD}.Debug|x64.Build.0 = Debug|x64
		{5D2538DD-650E-41FA-9D16-987EB8BFCACD}.Debug|x86.ActiveCfg = Debug|Win32
		{5D2538DD-650E-41FA-9D16-987EB8BFCACD}.Debug|x86.Build.0 = Debug|Win32
		{5D2538DD-650E-41FA-9D16-987EB8BFCACD}.Release|x64.ActiveCfg = Release|x64
		{5D2538DD-650E-41FA-9D16-987EB8BFCACD}.Release|x64.Build.0 = Release|x64
		{5D2538DD-650E-41FA-9D16-987EB8BFCACD}.Release|x86.ActiveCfg = Release|Win32
		{5D2538DD-650E-41FA-9D16-987EB8BFCACD}.Release|x86.Build.0 = Release|Win32
		{46FDD43C-041C-4BDF-9AB3-12BE5E39438D}.Debug|x64.ActiveCfg = Debug|x64
		{46FDD43C-041C-4BDF-9AB3-12BE5E39438D}.Debug|x64.Build.0 = Debug|x64
		{46FDD43C-041C-4BDF-9AB3-12BE5E39438D}.Debug|x86.ActiveCfg = Debug|Win32
		{46FDD43C-041C-4BDF-9AB3-12BE5E39438D}.Debug|x86.Build.0 = Debug|Win32
		{46FDD43C-041C-4BDF-9AB3-12BE5E39438D}.Release|x64.ActiveCfg = Release|x64
		{46FDD43C-041C-4BDF-9AB3-12BE5E39438D}.Release|x64.Build.0 = Release|x64
		{46FDD43C-041C-4BDF-9AB3-12BE5E39438D}.Release|x86.ActiveCfg = Release|Win32
		{46FDD43C-041C-4BDF-9AB3-12BE5E39438D}.Release|x86.Build.0 = Release|Win32
		{F8094967-B910-4343-B1A5-671C1FBE53A6}.Debug|x64.ActiveCfg = Debug|x64
		{F8094967-B910-4343-B1A5-671C1FBE53A6}.Debug|x64.Build.0 = Debug|x64
		{F8094967-B910-4343-B1A5-671C1FBE53A6}.Debug|x86.ActiveCfg = Debug|Win32
		{F8094967-B910-4343-B1A5-671C1FBE53A6}.Debug|x86.Build.0 = Debug|Win32
		{F8094967-B910-4343-B1A5-671C1FBE53A6}.Release|x64.ActiveCfg = Release|x64
		{F8094967-B910-4343-B1A5-671C1FBE53A6}.Release|x64.Build.0 = Release|x64
		{F8094967-B910-4343-B1A5-671C1FBE53A6}.Release|x86.ActiveCfg = Release|Win32
		{F8094967-B910-4343-B1A5-671C1FBE53A6}.Release|x86.Build.0 = Release|Win32
		{B965FF7F-D648-41D8-9A48-4C4EEA59419F}.Debug|x64.ActiveCfg = Debug|x64
		{B965FF7F-D648-41D8-9A48-4C4EEA59419F}.Debug|x64.Build.0 = Debug|x64
		{B965FF7F-D648-41D8-9A48-4C4EEA59419F}.Debug|x86.ActiveCfg = Debug|Win32
		{B965FF7F-D648-41D8-9A48-4C4EEA59419F}.Debug|x86.Build.0 = Debug|Win32
		{B965FF7F-D648-41D8-9A48-4C4EEA59419F}.Release|x64.ActiveCfg = Release|x64
		{B965FF7F-D648-41D8-9A48-4C4EEA59419F}.Release|x64.Build.0 = Release|x64
		{B965FF7F-D648-41D8-9A48-4C4EEA59419F}.Release|x86.ActiveCfg = Release|Win32
		{B965FF7F-D648-41D8-9A48-4C4EEA59419F}.Release|x86.Build.0 = Release|Win32
		{E8764085-08B5-431C-B8C3-9207BC8D36A0}.Debug|x64.ActiveCfg = Debug|x64
		{E8764085-08B5-431C-B8C3-9207BC8D36A0}.Debug|x64.Build.0 = Debug|x64
		{E8764085-08B5-431C-B8C3-9207BC8D36A0}.Debug|x86.ActiveCfg = Debug|Win32
		{E8764085-08B5-431C-B8C3-9207BC8D36A0}.Debug|x86.Build.0 = Debug|Win32
		{E8764085-08B5-431C-B8C3-9207BC8D36A0}.Release|x64.ActiveCfg = Release|x64
		{E8764085-08B5-431C-B8C3-9207BC8D36A0}.Release|x64.Build.0 = Release|x64
		{E8764085-08B5-431C-B8C3-9207BC8D36A0}.Release|x86.ActiveCfg = Release|Win32
		{E8764085-08B5-431C-B8C3-9207BC8D36A0}.Release|x86.Build.0 = Release|Win32
		{FE3F1F9D-1DFE-4304-8278-0D326D0EE1DB}.Debug|x64.ActiveCfg = Debug|x64
		{FE3F1F9D-1DFE-4304-8278-0D326D0EE1DB}.Debug|x64.Build.0 = Debug|x64
		{FE3F1F9D-1DFE-4304-8278-0D326D0EE1DB}.Debug|x86.ActiveCfg = Debug|Win32
		{FE3F1F9D-1DFE-4304-8278-0D326D0EE1DB}.Debug|x86.Build.0 = Debug|Win32
		{FE3F1F9D-1DFE-4304-8278-0D326D0EE1DB}.Release|x64.ActiveCfg = Release|x64
		{FE3F1F9D-1DFE-4304-8278-0D326D0EE1DB}.Release|x64.Build.0 = Release|x64
		{FE3F1F9D-1DFE-4304-8278-0D326D0EE1DB}.Release|x86.ActiveCfg = Release|Win32
		{FE3F1F9D-1DFE-4304-8278-0D326D0EE1DB}.Release|x86.Build.0 = Release|Win32
		{B02F3DA0-39C7-41ED-9766-432FD357A03F}.Debug|x64.ActiveCfg = Debug|x64
		{B02F3DA0-39C7-41ED-9766-432FD357A03F}.Debug|x64.Build.0 = Debug|x64
		{B02F3DA0-39C7-41ED-9766-432FD357A03F}.Debug|x86.ActiveCfg = Debug|Win32
		{B02F3DA0-39C7-41ED-9766-432FD357A03F}.Debug|x86.Build.0 = Debug|Win32
		{B02F3DA0-39C7-41ED-9766-432FD357A03F}.Release|x64.ActiveCfg = Release|x64
		{B02F3DA0-39C7-41ED-9766-432FD357A03F}.Release|x64.Build.0 = Release|x64
		{B02F3DA0-39C7-41ED-9766-432FD357A03F}.Release|x86.ActiveCfg = Release|Win32
		{B02F3DA0-39C7-41ED-9766-432FD357A03F}.Release|x86.Build.0 = Release|Win32
		{314DC759-902A-4B62-AE16-9EDB72E31CF0}.Debug|x64.ActiveCfg = Debug|x64
		{314DC759-902A-4B62-AE16-9EDB72E31CF0}.Debug|x64.Build.0 = Debug|x64
		{314DC759-902A-4B62-AE16-9EDB72E31CF0}.Debug|x86.ActiveCfg = Debug|Win32
		{314DC759-902A-4B62-AE16-9EDB72E31CF0}.Debug|x86.Build.0 = Debug|Win32
		{314DC759-902A-4B62-AE16-9EDB72E31CF0}.Release|x64.ActiveCfg = Release|x64
		{314DC759-902A-4B62-AE16-9EDB72E31CF0}.Release|x64.Build.0 = Release|x64
		{314DC759-902A-4B62-AE16-9EDB72E31CF0}.Release|x86.ActiveCfg = Release|Win32
		{314DC759-902A-4B62-AE16-9EDB72E31CF0}.Release|x86.Build.0 = Release|Win32
		{3A40658A-04B4-47AC-AA76-41798ED1243D}.Debug|x64.ActiveCfg = Debug|x64
		{3A40658A-04B4-47AC-AA76-41798ED1243D}.Debug|x64.Build.0 = Debug|x64
		{3A40658A-04B4-47AC-AA76-41798ED1243D}.Debug|x86.ActiveCfg = Debug|Win32
		{3A40658A-04B4-47AC-AA76-41798ED1243D}.Debug|x86.Build.0 = Debug|Win32
		{3A40658A-04B4-47AC-AA76-41798ED1243D}.Release|x64.ActiveCfg = Release|x64
		{3A40658A-04B4-47AC-AA76-41798ED1243D}.Release|x64.Build.0 = Release|x64
		{3A40658A-04B4-47AC-AA76-41798ED1243D}.Release|x86.ActiveCfg = Release|Win32
		{3A40658A-04B4-47AC-AA76-41798ED1243D}.Release|x86.Build.0 = Release|Win32
		{D7E529A4-B146-4811-8F5C-ADE5067BF0D7}.Debug|x64.ActiveCfg = Debug|x64
		{D7E529A4-B146-4811-8F5C-ADE5067BF0D7}.Debug|x64.Build.0 = Debug|x64
		{D7E529A4-B146-4811-8F5C-ADE5067BF0D7}.Debug|x86.ActiveCfg = Debug|Win32
		{D7E529A4-B146-4811-8F5C-ADE5067BF0D7}.Debug|x86.Build.0 = Debug|Win32
		{D7E529A4-B146-4811-8F5C-ADE5067BF0D7}.Release|x64.ActiveCfg = Release|x64
		{D7E529A4-B146-4811-8F5C-ADE5067BF0D7}.Release|x64.Build.0 = Release|x64
		{D7E529A4-B146-4811-8F5C-ADE5067BF0D7}.Release|x86.ActiveCfg = Release|Win32
		{D7E529A4-B146-4811-8F5C-ADE5067BF0D7}.Release|x86.Build.0 = Release|Win32
		{511338C1-7C4A-4ECC-9427-BC08EE6D6F53}.Debug|x64.ActiveCfg = Debug|x64
		{511338C1-7C4A-4ECC-9427-BC08EE6D6F53}.Debug|x64.Build.0 = Debug|x64
		{511338C1-7C4A-4ECC-9427-BC08EE6D6F53}.Debug|x86.ActiveCfg = Debug|Win32
		{511338C1-7C4A-4ECC-9427-BC08EE6D6F53}.Debug|x86.Build.0 = Debug|Win32
		{511338C1-7C4A-4ECC-9427-BC08EE6D6F53}.Release|x64.ActiveCfg = Release|x64
		{511338C1-7C4A-4ECC-9427-BC08EE6D6F53}.Release|x64.Build.0 = Release|x64
		{511338C1-7C4A-4ECC-9427-BC08EE6D6F53}.Release|x86.ActiveCfg = Release|Win32
		{511338C1-7C4A-4ECC-9427-BC08EE6D6F53}.Release|x86.Build.0 = Release|Win32
		{672D3BE4-D7B4-4E20-8EC2-0BE8ADAD38D9}.Debug|x64.ActiveCfg = Debug|x64
		{672D3BE4-D7B4-4E20-8EC2-0BE8ADAD38D9}.Debug|x64.Build.0 = Debug|x64
		{672D3BE4-D7B4-4E20-8EC2-0BE8ADAD38D9}.Debug|x86.ActiveCfg = Debug|Win32
		{672D3BE4-D7B4-4E20-8EC2-0BE8ADAD38D9}.Debug|x86.Build.0 = Debug|Win32
		{672D3BE4-D7B4-4E20-8EC2-0BE8ADAD38D9}.Release|x64.ActiveCfg = Release|x64
		{672D3BE4-D7B4-4E20-8EC2-0BE8ADAD38D9}.Release|x64.Build.0 = Release|x64
		{672D3BE4-D7B4-4E20-8EC2-0BE8ADAD38D9}.Release|x86.ActiveCfg = Release|Win32
		{672D3BE4-D7B4-4E20-8EC2-0BE8ADAD38D9}.Release|x86.Build.0 = Release|Win32
		{CD8FEE68-2EB1-4FD4-A689-15D322DD2F5B}.Debug|x64.ActiveCfg = Debug|x64
		{CD8FEE68-2EB1-4FD4-A689-15D322DD2F5B}.Debug|x64.Build.0 = Debug|x64
		{CD8FEE68-2EB1-4FD4-A689-15D322DD2F5B}.Debug|x86.ActiveCfg = Debug|Win32
		{CD8FEE68-2EB1-4FD4-A689-15D322DD2F5B}.Debug|x86.Build.0 = Debug|Win32
		{CD8FEE68-2EB1-4FD4-A689-15D322DD2F5B}.Release|x64.ActiveCfg = Release|x64
		{CD8FEE68-2EB1-4FD4-A689-15D322DD2F5B}.Release|x64.Build.0 = Release|x64
		{CD8FEE68-2EB1-4FD4-A689-15D322DD2F5B}.Release|x86.ActiveCfg = Release|Win32
		{CD8FEE68-2EB1-4FD4-A689-15D322DD2F5B}.Release|x86.Build.0 = Release|Win32
		{AAE97192-E0AD-4962-A530-1E5FE56656A2}.Debug|x64.ActiveCfg = Debug|x64
		{AAE97192-E0AD-4962-A530-1E5FE56656A2}.Debug|x64.Build.0 = Debug|x64
		{AAE97192-E0AD-4962-A530-1E5FE56656A2}.Debug|x86.ActiveCfg = Debug|Win32
		{AAE97192-E0AD-4962-A530-1E5FE56656A2}.Debug|x86.Build.0 = Debug|Win32
		{AAE97192-E0AD-4962-A530-1E5FE56656A2}.Release|x64.ActiveCfg = Release|x64
		{AAE97192-E0AD-4962-A530-1E5FE56656A2}.Release|x64.Build.0 = Release|x64
		{AAE97192-E0AD-4962-A530-1E5FE56656A2}.Release|x86.ActiveCfg = Release|Win32
		{AAE97192-E0AD-4962-A530-1E5FE56656A2}.Release|x86.Build.0 = Release|Win32
		{BA32330F-D440-4C0A-9F43-C354DA03B742}.Debug|x64.ActiveCfg = Debug|x64
		{BA32330F-D440-4C0A-9F43-C354DA03B742}.Debug|x64.Build.0 = Debug|x64
		{BA32330F-D440-4C0A-9F43-C354DA03B742}.Debug|x86.ActiveCfg = Debug|Win32
		{BA32330F-D440-4C0A-9F43-C354DA03B742}.Debug|x86.Build.0 = Debug|Win32
		{BA32330F-D440-4C0A-9F43-C354DA03B742}.Release|x64.ActiveCfg = Release|x64
		{BA32330F-D440-4C0A-9F43-C354DA03B742}.Release|x64.Build.0 = Release|x64
		{BA32330F-D440-4C0A-9F43-C354DA03B742}.Release|x86.ActiveCfg = Release|Win32
		{BA32330F-D440-4C0A-9F43-C354DA03B742}.Release|x86.Build.0 = Release|Win32
		{F752C040-DD50-44F9-BDE9-E06294B493E8}.Debug|x64.ActiveCfg = Debug|x64
		{F752C040-DD50-44F9-BDE9-E06294B493E8}.Debug|x64.Build.0 = Debug|x64
		{F752C040-DD50-44F9-BDE9-E06294B493E8}.Debug|x86.ActiveCfg = Debug|Win32
		{F752C040-DD50-44F9-BDE9-E06294B493E8}.Debug|x86.Build.0 = Debug|Win32
		{F752C040-DD50-44F9-BDE9-E06294B493E8}.Release|x64.ActiveCfg = Release|x64
		{F752C040-DD50-44F9-BDE9-E06294B493E8}.Release|x64.Build.0 = Release|x64
		{F752C040-DD50-44F9-BDE9-E06294B493E8}.Release|x86.ActiveCfg = Release|Win32
		{F752C040-DD50-44F9-BDE9-E06294B493E8}.Release|x86.Build.0 = Release|Win32
		{C43E1CD8-2535-48F0-8C59-58C97DABA3D2}.Debug|x64.ActiveCfg = Debug|x64
		{C43E1CD8-2535-48F0-8C59-58C97DABA3D2}.Debug|x64.Build.0 = Debug|x64
		{C43E1CD8-2535-48F0-8C59-58C97DABA3D2}.Debug|x86.ActiveCfg = Debug|Win32
		{C43E1CD8-2535-48F0-8C59-58C97DABA3D2}.Debug|x86.Build.0 = Debug|Win32
		{C43E1CD8-2535-48F0-8C59-58C97DABA3D2}.Release|x64.ActiveCfg = Release|x64
		{C43E1CD8-2535-48F0-8C59-58C97DABA3D2}.Release|x64.Build.0 = Release|x64
		{C43E1CD8-2535-48F0-8C59-58C97DABA3D2}.Release|x86.ActiveCfg = Release|Win32
		{C43E1CD8-2535-48F0-8C59-58C97DABA3D2}.Release|x86.Build.0 = Release|Win32
		{735AE654-03C4-414B-BF09-5A325D7F2807}.Debug|x64.ActiveCfg = Debug|x64
		{735AE654-03C4-414B-BF09-5A325D7F2807}.Debug|x64.Build.0 = Debug|x64
		{735AE654-03C4-414B-BF09-5A325D7F2807}.Debug|x86.ActiveCfg = Debug|Win32
		{735AE654-03C4-414B-BF09-5A325D7F2807}.Debug|x86.Build.0 = Debug|Win32
		{735AE654-03C4-414B-BF09-5A325D7F2807}.Release|x64.ActiveCfg = Release|x64
		{735AE654-03C4-414B-BF09-5A325D7F2807}.Release|x64.Build.0 = Release|x64
		{735AE654-03C4-414B-BF09-5A325D7F2807}.Release|x86.ActiveCfg = Release|Win32
		{735AE654-03C4-414B-BF09-5A325D7F2807}.Release|x86.Build.0 = Release|Win32
		{25C3A17A-9D8D-431E-B49B-A57239CF59C6}.Debug|x64.ActiveCfg = Debug|x64
		{25C3A17A-9D8D-431E-B49B-A57239CF59C6}.Debug|x64.Build.0 = Debug|x64
		{25C3A17A-9D8D-431E-B49B-A57239CF59C6}.Debug|x86.ActiveCfg = Debug|Win32
		{25C3A17A-9D8D-431E-B49B-A57239CF59C6}.Debug|x86.Build.0 = Debug|Win32
		{25C3A17A-9D8D-431E-B49B-A57239CF59C6}.Release|x64.ActiveCfg = Release|x64
		{25C3A17A-9D8D-431E-B49B-A57239CF59C6}.Release|x64.Build.0 = Release|x64
		{25C3A17A-9D8D-431E-B49B-A57239CF59C6}.Release|x86.ActiveCfg = Release|Win32
		{25C3A17A-9D8D-431E-B49B-A57239CF59C6}.Release|x86.Build.0 = Release|Win32
		{23B48329-44B7-43DD-8368-8066521946B9}.Debug|x64.ActiveCfg = Debug|x64
		{23B48329-44B7-43DD-8368-8066521946B9}.Debug|x64.Build.0 = Debug|x64
		{23B48329-44B7-43DD-8368-8066521946B9}.Debug|x86.ActiveCfg = Debug|Win32
		{23B48329-44B7-43DD-8368-8066521946B9}.Debug|x86.Build.0 = Debug|Win32
		{23B48329-44B7-43DD-8368-8066521946B9}.Release|x64.ActiveCfg = Release|x64
		{23B48329-44B7-43DD-8368-8066521946B9}.Release|x64.Build.0 = Release|x64
		{23B48329-44B7-43DD-8368-8066521946B9}.Release|x86.ActiveCfg = Release|Win32
		{23B48329-44B7-43DD-8368-8066521946B9}.Release|x86.Build.0 = Release|Win32
		{1132F248-E0FC-402E-AE70-130205BDE2F8}.Debug|x64.ActiveCfg = Debug|x64
		{1132F248-E0FC-402E-AE70-130205BDE2F8}.Debug|x64.Build.0 = Debug|x64
		{1132F248-E0FC-402E-AE70-130205BDE2F8}.Debug|x86.ActiveCfg = Debug|Win32
		{1132F248-E0FC-402E-AE70-130205BDE2F8}.Debug|x86.Build.0 = Debug|Win32
		{1132F248-E0FC-402E-AE70-130205BDE2F8}.Release|x64.ActiveCfg = Release|x64
		{1132F248-E0FC-402E-AE70-130205BDE2F8}.Release|x64.Build.0 = Release|x64
		{1132F248-E0FC-402E-AE70-130205BDE2F8}.Release|x86.ActiveCfg = Release|Win32
		{1132F248-E0FC-402E-AE70-130205BDE2F8}.Release|x86.Build.0 = Release|Win32
		{E255EADF-F015-4DB9-B782-BDEE9577CBF4}.Debug|x64.ActiveCfg = Debug|x64
		{E255EADF-F015-4DB9-B782-BDEE9577CBF4}.Debug|x64.Build.0 = Debug|x64
		{E255EADF-F015-4DB9-B782-BDEE9577CBF4}.Debug|x86.ActiveCfg = Debug|Win32
		{E255EADF-F015-4DB9-B782-BDEE9577CBF4}.Debug|x86.Build.0 = Debug|Win32
		{E255EADF-F015-4DB9-B782-BDEE9577CBF4}.Release|x64.ActiveCfg = Release|x64
		{E255EADF-F015-4DB9-B782-BDEE9577CBF4}.Release|x64.Build.0 = Release|x64
		{E255EADF-F015-4DB9-B782-BDEE9577CBF4}.Release|x86.ActiveCfg = Release|Win32
		{E255EADF-F015-4DB9-B782-BDEE9577CBF4}.Release|x86.Build.0 = Release|Win32
		{12A9FE0C-0F83-4585-BCAD-2DD62CC523D7}.Debug|x64.ActiveCfg = Debug|x64
		{12A9FE0C-0F83-4585-BCAD-2DD62CC523D7}.Debug|x64.Build.0 = Debug|x64
		{12A9FE0C-0F83-4585-BCAD-2DD62CC523D7}.Debug|x86.ActiveCfg = Debug|Win32
		{12A9FE0C-0F83-4585-BCAD-2DD62CC523D7}.Debug|x86.Build.0 = Debug|Win32
		{12A9FE0C-0F83-4585-BCAD-2DD62CC523D7}.Release|x64.ActiveCfg = Release|x64
		{12A9FE0C-0F83-4585-BCAD-2DD62CC523D7}.Release|x64.Build.0 = Release|x64
		{12A9FE0C-0F83-4585-BCAD-2DD62CC523D7}.Release|x86.ActiveCfg = Release|Win32
		{12A9FE0C-0F83-4585-BCAD-2DD62CC523D7}.Release|x86.Build.0 = Release|Win32
		{878DC240-55A2-4CE6-BD5C-A208A6801706}.Debug|x64.ActiveCfg = Debug|x64
		{878DC240-55A2-4CE6-BD5C-A208A6801706}.Debug|x64.Build.0 = Debug|x64
		{878DC240-55A2-4CE6-BD5C-A208A6801706}.Debug|x86.ActiveCfg = Debug|Win32
		{878DC240-55A2-4CE6-BD5C-A208A6801706}.Debug|x86.Build.0 = Debug|Win32
		{878DC240-55A2-4CE6-BD5C-A208A6801706}.Release|x64.ActiveCfg = Release|x64
		{878DC240-55A2-4CE6-BD5C-A208A6801706}.Release|x64.Build.0 = Release|x64
		{878DC240-55A2-4CE6-BD5C-A208A6801706}.Release|x86.ActiveCfg = Release|Win32
		{878DC240-55A2-4CE6-BD5C-A208A6801706}.Release|x86.Build.0 = Release|Win32
		{326878AB-99A0-4037-BF87-DCF4E31F32FD}.Debug|x64.ActiveCfg = Debug|x64
		{326878AB-99A0-4037-BF87-DCF4E31F32FD}.Debug|x64.Build.0 = Debug|x64
		{326878AB-99A0-4037-BF87-DCF4E31F32FD}.Debug|x86.ActiveCfg = Debug|Win32
		{326878AB-99A0-4037-BF87-DCF4E31F32FD}.Debug|x86.Build.0 = Debug|Win32
		{326878AB-99A0-4037-BF87-DCF4E31F32FD}.Release|x64.ActiveCfg = Release|x64
		{326878AB-99A0-4037-BF87-DCF4E31F32FD}.Release|x64.Build.0 = Release|x64
		{326878AB-99A0-4037-BF87-DCF4E31F32FD}.Release|x86.ActiveCfg = Release|Win32
		{326878AB-99A0-4037-BF87-DCF4E31F32FD}.Release|x86.Build.0 = Release|Win32
		{558057C5-59A5-4A28-BA24-4D944D541BCE}.Debug|x64.ActiveCfg = Debug|x64
		{558057C5-59A5-4A28-BA24-4D944D541BCE}.Debug|x64.Build.0 = Debug|x64
		{558057C5-59A5-4A28-BA24-4D944D541BCE}.Debug|x86.ActiveCfg = Debug|Win32
		{558057C5-59A5-4A28-BA24-4D944D541BCE}.Debug|x86.Build.0 = Debug|Win32
		{558057C5-59A5-4A28-BA24-4D944D541BCE}.Release|x64.ActiveCfg = Release|x64
		{558057C5-59A5-4A28-BA24-4D944D541BCE}.Release|x64.Build.0 = Release|x64
		{558057C5-59A5-4A28-BA24-4D944D541BCE}.Release|x86.ActiveCfg = Release|Win32
		{558057C5-59A5-4A28-BA24-4D944D541BCE}.Release|x86.Build.0 = Release|Win32
		{5872C938-0740-4710-B7A6-74CF48C6EA8D}.Debug|x64.ActiveCfg = Debug|x64
		{5872C938-0740-4710-B7A6-74CF48C6EA8D}.Debug|x64.Build.0 = Debug|x64
		{5872C938-0740-4710-B7A6-74CF48C6EA8D}.Debug|x86.ActiveCfg = Debug|Win32
		{5872C938-0740-4710-B7A6-74CF48C6EA8D}.Debug|x86.Build.0 = Debug|Win32
		{5872C938-0740-4710-B7A6-74CF48C6EA8D}.Release|x64.ActiveCfg = Release|x64
		{5872C938-0740-4710-B7A6-74CF48C6EA8D}.Release|x64.Build.0 = Release|x64
		{5872C938-0740-4710-B7A6-74CF48C6EA8D}.Release|x86.ActiveCfg = Release|Win32
		{5872C938-0740-4710-B7A6-74CF48C6EA8D}.Release|x86.Build.0 = Release|Win32
		{7C476AD8-097B-48E3-91A7-6113107CDE2F}.Debug|x64.ActiveCfg = Debug|x64
		{7C476AD8-097B-48E3-91A7-6113107CDE2F}.Debug|x64.Build.0 = Debug|x64
		{7C476AD8-097B-48E3-91A7-6113107CDE2F}.Debug|x86.ActiveCfg = Debug|Win32
		{7C476AD8-097B-48E3-91A7-6113107CDE2F}.Debug|x86.Build.0 = Debug|Win32
		{7C476AD8-097B-48E3-91A7-6113107CDE2F}.Release|x64.ActiveCfg = Release|x64
		{7C476AD8-097B-48E3-91A7-6113107CDE2F}.Release|x64.Build.0 = Release|x64
		{7C476AD8-097B-48E3-91A7-6113107CDE2F}.Release|x86.ActiveCfg = Release|Win32
		{7C476AD8-097B-48E3-91A7-6113107CDE2F}.Release|x86.Build.0 = Release|Win32
		{E16A351E-66EA-4AE2-828D-9A94F8D9052A}.Debug|x64.ActiveCfg = Debug|x64
		{E16A351E-66EA-4AE2-828D-9A94F8D9052A}.Debug|x64.Build.0 = Debug|x64
		{E16A351E-66EA-4AE2-828D-9A94F8D9052A}.Debug|x86.ActiveCfg = Debug|Win32
		{E16A351E-66EA-4AE2-828D-9A94F8D9052A}.Debug|x86.Build.0 = Debug|Win32
		{E16A351E-66EA-4AE2-828D-9A94F8D9052A}.Release|x64.ActiveCfg = Release|x64
		{E16A351E-66EA-4AE2-828D-9A94F8D9052A}.Release|x64.Build.0 = Release|x64
		{E16A351E-66EA-4AE2-828D-9A94F8D9052A}.Release|x86.ActiveCfg = Release|Win32
		{E16A351E-66EA-4AE2-828D-9A94F8D9052A}.Release|x86.Build.0 = Release|Win32
		{BF1A865E-6EF4-47E6-9512-2B4C5F97E6D0}.Debug|x64.ActiveCfg = Debug|x64
		{BF1A865E-6EF4-47E6-9512-2B4C5F97E6D0}.Debug|x64.Build.0 = Debug|x64
		{BF1A865E-6EF4-47E6-9512-2B4C5F97E6D0}.Debug|x86.ActiveCfg = Debug|Win32
		{BF1A865E-6EF4-47E6-9512-2B4C5F97E6D0}.Debug|x86.Build.0 = Debug|Win32
		{BF1A865E-6EF4-47E6-9512-2B4C5F97E6D0}.Release|x64.ActiveCfg = Release|x64
		{BF1A865E-6EF4-47E6-9512-2B4C5F97E6D0}.Release|x64.Build.0 = Release|x64
		{BF1A865E-6EF4-47E6-9512-2B4C5F97E6D0}.Release|x86.ActiveCfg = Release|Win32
		{BF1A865E-6EF4-47E6-9512-2B4C5F97E6D0}.Release|x86.Build.0 = Release|Win32
		{B7394D82-54A7-42F4-B3D2-8C8A40D5A80D}.Debug|x64.ActiveCfg = Debug|x64
		{B7394D82-54A7-42F4-B3D2-8C8A40D5A80D}.Debug|x64.Build.0 = Debug|x64
		{B7394D82-54A7-42F4-B3D2-8C8A40D5A80D}.Debug|x86.ActiveCfg = Debug|Win32
		{B7394D82-54A7-42F4-B3D2-8C8A40D5A80D}.Debug|x86.Build.0 = Debug|Win32
		{B7394D82-54A7-42F4-B3D2-8C8A40D5A80D}.Release|x64.ActiveCfg = Release|x64
		{B7394D82-54A7-42F4-B3D2-8C8A40D5A80D}.Release|x64.Build.0 = Release|x64
		{B7394D82-54A7-42F4-B3D2-8C8A40D5A80D}.Release|x86.ActiveCfg = Release|Win32
		{B7394D82-54A7-42F4-B3D2-8C8A40D5A80D}.Release|x86.Build.0 = Release|Win32
		{2B88D42E-C9A9-4E74-9010-8389F6576525}.Debug|x64.ActiveCfg = Debug|x64
		{2B88D42E-C9A9-4E74-9010-8389F6576525}.Debug|x64.Build.0 = Debug|x64
		{2B88D42E-C9A9-4E74-9010-8389F6576525}.Debug|x86.ActiveCfg = Debug|Win32
		{2B88D42E-C9A9-4E74-9010-8389F6576525}.Debug|x86.Build.0 = Debug|Win32
		{2B88D42E-C9A9-4E74-9010-8389F6576525}.Release|x64.ActiveCfg = Release|x64
		{2B88D42E-C9A9-4E74-9010-8389F6576525}.Release|x64.Build.0 = Release|x64
		{2B88D42E-C9A9-4E74-9010-8389F6576525}.Release|x86.ActiveCfg = Release|Win32
		{2B88D42E-C9A9-4E74-9010-8389F6576525}.Release|x86.Build.0 = Release|Win32
		{1D9F292B-8DE3-4FAE-AF15-E4C262715FC2}.Debug|x64.ActiveCfg = Debug|x64
		{1D9F292B-8DE3-4FAE-AF15-E4C262715FC2}.Debug|x64.Build.0 = Debug|x64
		{1D9F292B-8DE3-4FAE-AF15-E4C262715FC2}.Debug|x86.ActiveCfg = Debug|Win32
		{1D9F292B-8DE3-4FAE-AF15-E4C262715FC2}.Debug|x86.Build.0 = Debug|Win32
		{1D9F292B-8DE3-4FAE-AF15-E4C262715FC2}.Release|x64.ActiveCfg = Release|x64
		{1D9F292B-8DE3-4FAE-AF15-E4C262715FC2}.Release|x64.Build.0 = Release|x64
		{1D9F292B-8DE3-4FAE-AF15-E4C262715FC2}.Release|x86.ActiveCfg = Release|Win32
		{1D9F292B-8DE3-4FAE-AF15-E4C262715FC2}.Release|x86.Build.0 = Release|Win32
		{5514CAA7-C905-46E0-8B2F-02B5C83DEF08}.Debug|x64.ActiveCfg = Debug|x64
		{5514CAA7-C905-46E0-8B2F-02B5C83DEF08}.Debug|x64.Build.0 = Debug|x64
		{5514CAA7-C905-46E0-8B2F-02B5C83DEF08}.Debug|x86.ActiveCfg = Debug|Win32
		{5514CAA7-C905-46E0-8B2F-02B5C83DEF08}.Debug|x86.Build.0 = Debug|Win32
		{5514CAA7-C905-46E0-8B2F-02B5C83DEF08}.Release|x64.ActiveCfg = Release|x64
		{5514CAA7-C905-46E0-8B2F-02B5C83DEF08}.Release|x64.Build.0 = Release|x64
		{5514CAA7-C905-46E0-8B2F-02B5C83DEF08}.Release|x86.ActiveCfg = Release|Win32
		{5514CAA7-C905-46E0-8B2F-02B5C83DEF08}.Release|x86.Build.0 = Release|Win32
		{7DED5D68-06E6-4C5A-B58E-46B052ABB34F}.Debug|x64.ActiveCfg = Debug|x64
		{7DED5D68-06E6-4C5A-B58E-46B052ABB34F}.Debug|x64.Build.0 = Debug|x64
		{7DED5D68-06E6-4C5A-B58E-46B052ABB34F}.Debug|x86.ActiveCfg = Debug|Win32
		{7DED5D68-06E6-4C5A-B58E-46B052ABB34F}.Debug|x86.Build.0 = Debug|Win32
		{7DED5D68-06E6-4C5A-B58E-46B052ABB34F}.Release|x64.ActiveCfg = Release|x64
		{7DED5D68-06E6-4C5A-B58E-46B052ABB34F}.Release|x64.Build.0 = Release|x64
		{7DED5D68-06E6-4C5A-B58E-46B052ABB34F}.Release|x86.ActiveCfg = Release|Win32
		{7DED5D68-06E6-4C5A-B58E-46B052ABB34F}.Release|x86.Build.0 = Release|Win32
		{8E119305-6729-49EA-89BD-F2351A978DCA}.Debug|x64.ActiveCfg = Debug|x64
		{8E119305-6729-49EA-89BD-F2351A978DCA}.Debug|x64.Build.0 = Debug|x64
		{8E119305-6729-49EA-89BD-F2351A978DCA}.Debug|x86.ActiveCfg = Debug|Win32
		{8E119305-6729-49EA-89BD-F2351A978DCA}.Debug|x86.Build.0 = Debug|Win32
		{8E119305-6729-49EA-89BD-F2351A978DCA}.Release|x64.ActiveCfg = Release|x64
		{8E119305-6729-49EA-89BD-F2351A978DCA}.Release|x64.Build.0 = Release|x64
		{8E119305-6729-49EA-89BD-F2351A978DCA}.Release|x86.ActiveCfg = Release|Win32
		{8E119305-6729-49EA-89BD-F2351A978DCA}.Release|x86.Build.0 = Release|Win32
		{B9A271FB-49D4-4A24-9762-AE7401639E4D}.Debug|x64.ActiveCfg = Debug|x64
		{B9A271FB-49D4-4A24-9762-AE7401639E4D}.Debug|x64.Build.0 = Debug|x64
		{B9A271FB-49D4-4A24-9762-AE7401639E4D}.Debug|x86.ActiveCfg = Debug|Win32
		{B9A271FB-49D4-4A24-9762-AE7401639E4D}.Debug|x86.Build.0 = Debug|Win32
		{B9A271FB-49D4-4A24-9762-AE7401639E4D}.Release|x64.ActiveCfg = Release|x64
		{B9A271FB-49D4-4A24-9762-AE7401639E4D}.Release|x64.Build.0 = Release|x64
		{B9A271FB-49D4-4A24-9762-AE7401639E4D}.Release|x86.ActiveCfg = Release|Win32
		{B9A271FB-49D4-4A24-9762-AE7401639E4D}.Release|x86.Build.0 = Release|Win32
		{AD66FABB-BFFC-4329-ACC5-838A5DECAB71}.Debug|x64.ActiveCfg = Debug|x64
		{AD66FABB-BFFC-4329-ACC5-838A5DECAB71}.Debug|x64.Build.0 = Debug|x64
		{AD66FABB-BFFC-4329-ACC5-838A5DECAB71}.Debug|x86.ActiveCfg = Debug|Win32
		{AD66FABB-BFFC-4329-ACC5-838A5DECAB71}.Debug|x86.Build.0 = Debug|Win32
		{AD66FABB-BFFC-4329-ACC5-838A5DECAB71}.Release|x64.ActiveCfg = Release|x64
		{AD66FABB-BFFC-4329-ACC5-838A5DECAB71}.Release|x64.Build.0 = Release|x64
		{AD66FABB-BFFC-4329-ACC5-838A5DECAB71}.Release|x86.ActiveCfg = Release|Win32
		{AD66FABB-BFFC-4329-ACC5-838A5DECAB71}.Release|x86.Build.0 = Release|Win32
		{D8081497-37C8-4137-832B-6068FA7527D3}.Debug|x64.ActiveCfg = Debug|x64
		{D8081497-37C8-4137-832B-6068FA7527D3}.Debug|x64.Build.0 = Debug|x64
		{D8081497-37C8-4137-832B-6068FA7527D3}.Debug|x86.ActiveCfg = Debug|Win32
		{D8081497-37C8-4137-832B-6068FA7527D3}.Debug|x86.Build.0 = Debug|Win32
		{D8081497-37C8-4137-832B-6068FA7527D3}.Release|x64.ActiveCfg = Release|x64
		{D8081497-37C8-4137-832B-6068FA7527D3}.Release|x64.Build.0 = Release|x64
		{D8081497-37C8-4137-832B-6068FA7527D3}.Release|x86.ActiveCfg = Release|Win32
		{D8081497-37C8-4137-832B-6068FA7527D3}.Release|x86.Build.0 = Release|Win32
		{75D5FAEE-A96C-4FF9-B9C7-960EE625408A}.Debug|x64.ActiveCfg = Debug|x64
		{75D5FAEE-A96C-4FF9-B9C7-960EE625408A}.Debug|x64.Build.0 = Debug|x64
		{75D5FAEE-A96C-4FF9-B9C7-960EE625408A}.Debug|x86.ActiveCfg = Debug|Win32
		{75D5FAEE-A96C-4FF9-B9C7-960EE625408A}.Debug|x86.Build.0 = Debug|Win32
		{75D5FAEE-A96C-4FF9-B9C7-960EE625408A}.Release|x64.ActiveCfg = Release|x64
		{75D5FAEE-A96C-4FF9-B9C7-960EE625408A}.Release|x64.Build.0 = Release|x64
		{75D5FAEE-A96C-4FF9-B9C7-960EE625408A}.Release|x86.ActiveCfg = Release|Win32
		{75D5FAEE-A96C-4FF9-B9C7-960EE625408A}.Release|x86.Build.0 = Release|Win32
		{F8FA1104-304C-41B6-B7B7-9D6B33434FCC}.Debug|x64.ActiveCfg = Debug|x64
		{F8FA1104-304C-41B6-B7B7-9D6B33434FCC}.Debug|x64.Build.0 = Debug|x64
		{F8FA1104-304C-41B6-B7B7-9D6B33434FCC}.Debug|x86.ActiveCfg = Debug|Win32
		{F8FA1104-304C-41B6-B7B7-9D6B33434FCC}.Debug|x86.Build.0 = Debug|Win32
		{F8FA1104-304C-41B6-B7B7-9D6B33434FCC}.Release|x64.ActiveCfg = Release|x64
		{F8FA1104-304C-41B6-B7B7-9D6B33434FCC}.Release|x64.Build.0 = Release|x64
		{F8FA1104-304C-41B6-B7B7-9D6B33434FCC}.Release|x86.ActiveCfg = Release|Win32
		{F8FA1104-304C-41B6-B7B7-9D6B33434FCC}.Release|x86.Build.0 = Release|Win32
		{369D6BFF-7A70-43C5-B8F6-3475458EB777}.Debug|x64.ActiveCfg = Debug|x64
		{369D6BFF-7A70-43C5-B8F6-3475458EB777}.Debug|x64.Build.0 = Debug|x64
		{369D6BFF-7A70-43C5-B8F6-3475458EB777}.Debug|x86.ActiveCfg = Debug|Win32
		{369D6BFF-7A70-43C5-B8F6-3475458EB777}.Debug|x86.Build.0 = Debug|Win32
		{369D6BFF-7A70-43C5-B8F6-3475458EB777}.Release|x64.ActiveCfg = Release|x64
		{369D6BFF-7A70-43C5-B8F6-3475458EB777}.Release|x64.Build.0 = Release|x64
		{369D6BFF-7A70-43C5-B8F6-3475458EB777}.Release|x86.ActiveCfg = Release|Win32
		{369D6BFF-7A70-43C5-B8F6-3475458EB777}.Release|x86.Build.0 = Release|Win32
		{B68619F2-AC6A-4E1B-A317-311DC17204D1}.Debug|x64.ActiveCfg = Debug|x64
		{B68619F2-AC6A-4E1B-A317-311DC17204D1}.Debug|x64.Build.0 = Debug|x64
		{B68619F2-AC6A-4E1B-A317-311DC17204D1}.Debug|x86.ActiveCfg = Debug|Win32
		{B68619F2-AC6A-4E1B-A317-311DC17204D1}.Debug|x86.Build.0 = Debug|Win32
		{B68619F2-AC6A-4E1B-A317-311DC17204D1}.Release|x64.ActiveCfg = Release|x64
		{B68619F2-AC6A-4E1B-A317-311DC17204D1}.Release|x64.Build.0 = Release|x64
		{B68619F2-AC6A-4E1B-A317-311DC17204D1}.Release|x86.ActiveCfg = Release|Win32
		{B68619F2-AC6A-4E1B-A317-311DC17204D1}.Release|x86.Build.0 = Release|Win32
		{73E8D86C-38A4-471A-8281-EB8C0D0370F4}.Debug|x64.ActiveCfg = Debug|x64
		{73E8D86C-38A4-471A-8281-EB8C0D0370F4}.Debug|x64.Build.0 = Debug|x64
		{73E8D86C-38A4-471A-8281-EB8C0D0370F4}.Debug|x86.ActiveCfg = Debug|Win32
		{73E8D86C-38A4-471A-8281-EB8C0D0370F4}.Debug|x86.Build.0 = Debug|Win32
		{73E8D86C-38A4-471A-8281-EB8C0D0370F4}.Release|x64.ActiveCfg = Release|x64
		{73E8D86C-38A4-471A-8281-EB8C0D0370F4}.Release|x64.Build.0 = Release|x64
		{73E8D86C-38A4-471A-8281-EB8C0D0370F4}.Release|x86.ActiveCfg = Release|Win32
		{73E8D86C-38A4-471A-8281-EB8C0D0370F4}.Release|x86.Build.0 = Release|Win32
		{378D9416-7DDF-4D22-9DDA-2227BF04AA0C}.Debug|x64.ActiveCfg = Debug|x64
		{378D9416-7DDF-4D22-9DDA-2227BF04AA0C}.Debug|x64.Build.0 = Debug|x64
		{378D9416-7DDF-4D22-9DDA-2227BF04AA0C}.Debug|x86.ActiveCfg = Debug|Win32
		{378D9416-7DDF-4D22-9DDA-2227BF04AA0C}.Debug|x86.Build.0 = Debug|Win32
		{378D9416-7DDF-4D22-9DDA-2227BF04AA0C}.Release|x64.ActiveCfg = Release|x64
		{378D9416-7DDF-4D22-9DDA-2227BF04AA0C}.Release|x64.Build.0 = Release|x64
		{378D9416-7DDF-4D22-9DDA-2227BF04AA0C}.Release|x86.ActiveCfg = Release|Win32
		{378D9416-7DDF-4D22-9DDA-2227BF04AA0C}.Release|x86.Build.0 = Release|Win32
		{FA570BE8-507D-46A2-B029-EFAA55B8F8F2}.Debug|x64.ActiveCfg = Debug|x64
		{FA570BE8-507D-46A2-B029-EFAA55B8F8F2}.Debug|x64.Build.0 = Debug|x64
		{FA570BE8-507D-46A2-B029-EFAA55B8F8F2}.Debug|x86.ActiveCfg = Debug|Win32
		{FA570BE8-507D-46A2-B029-EFAA55B8F8F2}.Debug|x86.Build.0 = Debug|Win32
		{FA570BE8-507D-46A2-B029-EFAA55B8F8F2}.Release|x64.ActiveCfg = Release|x64
		{FA570BE8-507D-46A2-B029-EFAA55B8F8F2}.Release|x64.Build.0 = Release|x64
		{FA570BE8-507D-46A2-B029-EFAA55B8F8F2}.Release|x86.ActiveCfg = Release|Win32
		{FA570BE8-507D-46A2-B029-EFAA55B8F8F2}.Release|x86.Build.0 = Release|Win32
		{37CFAB26-E1E1-4AEF-BC00-2654CF771EF5}.Debug|x64.ActiveCfg = Debug|x64
		{37CFAB26-E1E1-4AEF-BC00-2654CF771EF5}.Debug|x64.Build.0 = Debug|x64
		{37CFAB26-E1E1-4AEF-BC00-2654CF771EF5}.Debug|x86.ActiveCfg = Debug|Win32
		{37CFAB26-E1E1-4AEF-BC00-2654CF771EF5}.Debug|x86.Build.0 = Debug|Win32
		{37CFAB26-E1E1-4AEF-BC00-2654CF771EF5}.Release|x64.ActiveCfg = Release|x64
		{37CFAB26-E1E1-4AEF-BC00-2654CF771EF5}.Release|x64.Build.0 = Release|x64
		{37CFAB26-E1E1-4AEF-BC00-2654CF771EF5}.Release|x86.ActiveCfg = Release|Win32
		{37CFAB26-E1E1-4AEF-BC00-2654CF771EF5}.Release|x86.Build.0 = Release|Win32
		{077A2565-6D0A-4FD4-9DF3-A04B76B05E9F}.Debug|x64.ActiveCfg = Debug|x64
		{077A2565-6D0A-4FD4-9DF3-A04B76B05E9F}.Debug|x64.Build.0 = Debug|x64
		{077A2565-6D0A-4FD4-9DF3-A04B76B05E9F}.Debug|x86.ActiveCfg = Debug|Win32
		{077A2565-6D0A-4FD4-9DF3-A04B76B05E9F}.Debug|x86.Build.0 = Debug|Win32
		{077A2565-6D0A-4FD4-9DF3-A04B76B05E9F}.Release|x64.ActiveCfg = Release|x64
		{077A2565-6D0A-4FD4-9DF3-A04B76B05E9F}.Release|x64.Build.0 = Release|x64
		{077A2565-6D0A-4FD4-9DF3-A04B76B05E9F}.Release|x86.ActiveCfg = Release|Win32
		{077A2565-6D0A-4FD4-9DF3-A04B76B05E9F}.Release|x86.Build.0 = Release|Win32
		{B78416D2-4144-408F-9238-185F261DF908}.Debug|x64.ActiveCfg = Debug|x64
		{B78416D2-4144-408F-9238-185F261DF908}.Debug|x64.Build.0 = Debug|x64
		{B78416D2-4144-408F-9238-185F261DF908}.Debug|x86.ActiveCfg = Debug|Win32
		{B78416D2-4144-408F-9238-185F261DF908}.Debug|x86.Build.0 = Debug|Win32
		{B78416D2-4144-408F-9238-185F261DF908}.Release|x64.ActiveCfg = Release|x64
		{B78416D2-4144-408F-9238-185F261DF908}.Release|x64.Build.0 = Release|x64
		{B78416D2-4144-408F-9238-185F261DF908}.Release|x86.ActiveCfg = Release|Win32
		{B78416D2-4144-408F-9238-185F261DF908}.Release|x86.Build.0 = Release|Win32
		{D84C2757-E3EB-4A02-8A88-210B05B944DC}.Debug|x64.ActiveCfg = Debug|x64
		{D84C2757-E3EB-4A02-8A88-210B05B944DC}.Debug|x64.Build.0 = Debug|x64
		{D84C2757-E3EB-4A02-8A88-210B05B944DC}.Debug|x86.ActiveCfg = Debug|Win32
		{D84C2757-E3EB-4A02-8A88-210B05B944DC}.Debug|x86.Build.0 = Debug|Win32
		{D84C2757-E3EB-4A02-8A88-210B05B944DC}.Release|x64.ActiveCfg = Release|x64
		{D84C2757-E3EB-4A02-8A88-210B05B944DC}.Release|x64.Build.0 = Release|x64
		{D84C2757-E3EB-4A02-8A88-210B05B944DC}.Release|x86.ActiveCfg = Release|Win32
		{D84C2757-E3EB-4A02-8A88-210B05B944DC}.Release|x86.Build.0 = Release|Win32
		{49F5FAE5-0272-47D2-898B-28AD4BAF59E0}.Debug|x64.ActiveCfg = Debug|x64
		{49F5FAE5-0272-47D2-898B-28AD4BAF59E0}.Debug|x64.Build.0 = Debug|x64
		{49F5FAE5-0272-47D2-898B-28AD4BAF59E0}.Debug|x86.ActiveCfg = Debug|Win32
		{49F5FAE5-0272-47D2-898B-28AD4BAF59E0}.Debug|x86.Build.0 = Debug|Win32
		{49F5FAE5-0272-47D2-898B-28AD4BAF59E0}.Release|x64.ActiveCfg = Release|x64
		{49F5FAE5-0272-47D2-898B-28AD4BAF59E0}.Release|x64.Build.0 = Release|x64
		{49F5FAE5-0272-47D2-898B-28AD4BAF59E0}.Release|x86.ActiveCfg = Release|Win32
		{49F5FAE5-0272-47D2-898B-28AD4BAF59E0}.Release|x86.Build.0 = Release|Win32
		{BAE8F01A-E1F0-4E23-B6CA-B0E00827270B}.Debug|x64.ActiveCfg = Debug|x64
		{BAE8F01A-E1F0-4E23-B6CA-B0E00827270B}.Debug|x64.Build.0 = Debug|x64
		{BAE8F01A-E1F0-4E23-B6CA-B0E00827270B}.Debug|x86.ActiveCfg = Debug|Win32
		{BAE8F01A-E1F0-4E23-B6CA-B0E00827270B}.Debug|x86.Build.0 = Debug|Win32
		{BAE8F01A-E1F0-4E23-B6CA-B0E00827270B}.Release|x64.ActiveCfg = Release|x64
		{BAE8F01A-E1F0-4E23-B6CA-B0E00827270B}.Release|x64.Build.0 = Release|x64
		{BAE8F01A-E1F0-4E23-B6CA-B0E00827270B}.Release|x86.ActiveCfg = Release|Win32
		{BAE8F01A-E1F0-4E23-B6CA-B0E00827270B}.Release|x86.Build.0 = Release|Win32
		{57EC2D79-4500-4ED9-A342-A31A5B6BE430}.Debug|x64.ActiveCfg = Debug|x64
		{57EC2D79-4500-4ED9-A342-A31A5B6BE430}.Debug|x64.Build.0 = Debug|x64
		{57EC2D79-4500-4ED9-A342-A31A5B6BE430}.Debug|x86.ActiveCfg = Debug|Win32
		{57EC2D79-4500-4ED9-A342-A31A5B6BE430}.Debug|x86.Build.0 = Debug|Win32
		{57EC2D79-4500-4ED9-A342-A31A5B6BE430}.Release|x64.ActiveCfg = Release|x64
		{57EC2D79-4500-4ED9-A342-A31A5B6BE430}.Release|x64.Build.0 = Release|x64
		{57EC2D79-4500-4ED9-A342-A31A5B6BE430}.Release|x86.ActiveCfg = Release|Win32
		{57EC2D79-4500-4ED9-A342-A31A5B6BE430}.Release|x86.Build.0 = Release|Win32
		{5EF46731-8B64-455A-9B83-FFD14E816763}.Debug|x64.ActiveCfg = Debug|x64
		{5EF46731-8B64-455A-9B83-FFD14E816763}.Debug|x64.Build.0 = Debug|x64
		{5EF46731-8B64-455A-9B83-FFD14E816763}.Debug|x86.ActiveCfg = Debug|Win32
		{5EF46731-8B64-455A-9B83-FFD14E816763}.Debug|x86.Build.0 = Debug|Win32
		{5EF46731-8B64-455A-9B83-FFD14E816763}.Release|x64.ActiveCfg = Release|x64
		{5EF46731-8B64-455A-9B83-FFD14E816763}.Release|x64.Build.0 = Release|x64
		{5EF46731-8B64-455A-9B83-FFD14E816763}.Release|x86.ActiveCfg = Release|Win32
		{5EF46731-8B64-455A-9B83-FFD14E816763}.Release|x86.Build.0 = Release|Win32
		{8A0D04FF-A06E-4A32-820B-281C8408D8A1}.Debug|x64.ActiveCfg = Debug|x64
		{8A0D04FF-A06E-4A32-820B-281C8408D8A1}.Debug|x64.Build.0 = Debug|x64
		{8A0D04FF-A06E-4A32-820B-281C8408D8A1}.Debug|x86.ActiveCfg = Debug|Win32
		{8A0D04FF-A06E-4A32-820B-281C8408D8A1}.Debug|x86.Build.0 = Debug|Win32
		{8A0D04FF-A06E-4A32-820B-281C8408D8A1}.Release|x64.ActiveCfg = Release|x64
		{8A0D04FF-A06E-4A32-820B-281C8408D8A1}.Release|x64.Build.0 = Release|x64
		{8A0D04FF-A06E-4A32-820B-281C8408D8A1}.Release|x86.ActiveCfg = Release|Win32
		{8A0D04FF-A06E-4A32-820B-281C8408D8A1}.Release|x86.Build.0 = Release|Win32
		{46537B33-2C9F-4D75-8C27-86412E1638B2}.Debug|x64.ActiveCfg = Debug|x64
		{46537B33-2C9F-4D75-8C27-86412E1638B2}.Debug|x64.Build.0 = Debug|x64
		{46537B33-2C9F-4D75-8C27-86412E1638B2}.Debug|x86.ActiveCfg = Debug|Win32
		{46537B33-2C9F-4D75-8C27-86412E1638B2}.Debug|x86.Build.0 = Debug|Win32
		{46537B33-2C9F-4D75-8C27-86412E1638B2}.Release|x64.ActiveCfg = Release|x64
		{46537B33-2C9F-4D75-8C27-86412E1638B2}.Release|x64.Build.0 = Release|x64
		{46537B33-2C9F-4D75-8C27-86412E1638B2}.Release|x86.ActiveCfg = Release|Win32
		{46537B33-2C9F-4D75-8C27-86412E1638B2}.Release|x86.Build.0 = Release|Win32
		{9B5F070B-F99B-49B7-BC74-2BDA3A7F364B}.Debug|x64.ActiveCfg = Debug|x64
		{9B5F070B-F99B-49B7-BC74-2BDA3A7F364B}.Debug|x64.Build.0 = Debug|x64
		{9B5F070B-F99B-49B7-BC74-2BDA3A7F364B}.Debug|x86.ActiveCfg = Debug|Win32
		{9B5F070B-F99B-49B7-BC74-2BDA3A7F364B}.Debug|x86.Build.0 = Debug|Win32
		{9B5F070B-F99B-49B7-BC74-2BDA3A7F364B}.Release|x64.ActiveCfg = Release|x64
		{9B5F070B-F99B-49B7-BC74-2BDA3A7F364B}.Release|x64.Build.0 = Release|x64
		{9B5F070B-F99B-49B7-BC74-2BDA3A7F364B}.Release|x86.ActiveCfg = Release|Win32
		{9B5F070B-F99B-49B7-BC74-2BDA3A7F364B}.Release|x86.Build.0 = Release|Win32
		{FE0F25AD-7E7D-40A9-84F8-42180034905F}.Debug|x64.ActiveCfg = Debug|x64
		{FE0F25AD-7E7D-40A9-84F8-42180034905F}.Debug|x64.Build.0 = Debug|x64
		{FE0F25AD-7E7D-40A9-84F8-42180034905F}.Debug|x86.ActiveCfg = Debug|Win32
		{FE0F25AD-7E7D-40A9-84F8-42180034905F}.Debug|x86.Build.0 = Debug|Win32
		{FE0F25AD-7E7D-40A9-84F8-42180034905F}.Release|x64.ActiveCfg = Release|x64
		{FE0F25AD-7E7D-40A9-84F8-42180034905F}.Release|x64.Build.0 = Release|x64
		{FE0F25AD-7E7D-40A9-84F8-42180034905F}.Release|x86.ActiveCfg = Release|Win32
		{FE0F25AD-7E7D-40A9-84F8-42180034905F}.Release|x86.Build.0 = Release|Win32
		{229469FF-F363-498B-910B-CFD829013A67}.Debug|x64.ActiveCfg = Debug|x64
		{229469FF-F363-498B-910B-CFD829013A67}.Debug|x64.Build.0 = Debug|x64
		{229469FF-F363-498B-910B-CFD829013A67}.Debug|x86.ActiveCfg = Debug|Win32
		{229469FF-F363-498B-910B-CFD829013A67}.Debug|x86.Build.0 = Debug|Win32
		{229469FF-F363-498B-910B-CFD829013A67}.Release|x64.ActiveCfg = Release|x64
		{229469FF-F363-498B-910B-CFD829013A67}.Release|x64.Build.0 = Release|x64
		{229469FF-F363-498B-910B-CFD829013A67}.Release|x86.ActiveCfg = Release|Win32
		{229469FF-F363-498B-910B-CFD829013A67}.Release|x86.Build.0 = Release|Win32
		{1D83FCB6-D13F-4487-8F65-3233C72C3970}.Debug|x64.ActiveCfg = Debug|x64
		{1D83FCB6-D13F-4487-8F65-3233C72C3970}.Debug|x64.Build.0 = Debug|x64
		{1D83FCB6-D13F-4487-8F65-3233C72C3970}.Debug|x86.ActiveCfg = Debug|Win32
		{1D83FCB6-D13F-4487-8F65-3233C72C3970}.Debug|x86.Build.0 = Debug|Win32
		{1D83FCB6-D13F-4487-8F65-3233C72C3970}.Release|x64.ActiveCfg = Release|x64
		{1D83FCB6-D13F-4487-8F65-3233C72C3970}.Release|x64.Build.0 = Release|x64
		{1D83FCB6-D13F-4487-8F65-3233C72C3970}.Release|x86.ActiveCfg = Release|Win32
		{1D83FCB6-D13F-4487-8F65-3233C72C3970}.Release|x86.Build.0 = Release|Win32
		{83F7AAD7-ACF7-4161-AE78-DC1AB176CCAE}.Debug|x64.ActiveCfg = Debug|x64
		{83F7AAD7-ACF7-4161-AE78-DC1AB176CCAE}.Debug|x64.Build.0 = Debug|x64
		{83F7AAD7-ACF7-4161-AE78-DC1AB176CCAE}.Debug|x86.ActiveCfg = Debug|Win32
		{83F7AAD7-ACF7-4161-AE78-DC1AB176CCAE}.Debug|x86.Build.0 = Debug|Win32
		{83F7AAD7-ACF7-4161-AE78-DC1AB176CCAE}.Release|x64.ActiveCfg = Release|x64
		{83F7AAD7-ACF7-4161-AE78-DC1AB176CCAE}.Release|x64.Build.0 = Release|x64
		{83F7AAD7-ACF7-4161-AE78-DC1AB176CCAE}.Release|x86.ActiveCfg = Release|Win32
		{83F7AAD7-ACF7-4161-AE78-DC1AB176CCAE}.Release|x86.Build.0 = Release|Win32
		{35796C01-8A77-444F-9EFA-B05B0A4E1C69}.Debug|x64.ActiveCfg = Debug|x64
		{35796C01-8A77-444F-9EFA-B05B0A4E1C69}.Debug|x64.Build.0 = Debug|x64
		{35796C01-8A77-444F-9EFA-B05B0A4E1C69}.Debug|x86.ActiveCfg = Debug|Win32
		{35796C01-8A77-444F-9EFA-B05B0A4E1C69}.Debug|x86.Build.0 = Debug|Win32
		{35796C01-8A77-444F-9EFA-B05B0A4E1C69}.Release|x64.ActiveCfg = Release|x64
		{35796C01-8A77-444F-9EFA-B05B0A4E1C69}.Release|x64.Build.0 = Release|x64
		{35796C01-8A77-444F-9EFA-B05B0A4E1C69}.Release|x86.ActiveCfg = Release|Win32
		{35796C01-8A77-444F-9EFA-B05B0A4E1C69}.Release|x86.Build.0 = Release|Win32
		{9D705019-2991-4A0D-9982-EB1CCEADF993}.Debug|x64.ActiveCfg = Debug|x64
		{9D705019-2991-4A0D-9982-EB1CCEADF993}.Debug|x64.Build.0 = Debug|x64
		{9D705019-2991-4A0D-9982-EB1CCEADF993}.Debug|x86.ActiveCfg = Debug|Win32
		{9D705019-2991-4A0D-9982-EB1CCEADF993}.Debug|x86.Build.0 = Debug|Win32
		{9D705019-2991-4A0D-9982-EB1CCEADF993}.Release|x64.ActiveCfg = Release|x64
		{9D705019-2991-4A0D-9982-EB1CCEADF993}.Release|x64.Build.0 = Release|x64
		{9D705019-2991-4A0D-9982-EB1CCEADF993}.Release|x86.ActiveCfg = Release|Win32
		{9D705019-2991-4A0D-9982-EB1CCEADF993}.Release|x86.Build.0 = Release|Win32
		{273F3B02-89DE-4D18-B5FD-3E3E0C5BB0A3}.Debug|x64.ActiveCfg = Debug|x64
		{273F3B02-89DE-4D18-B5FD-3E3E0C5BB0A3}.Debug|x64.Build.0 = Debug|x64
		{273F3B02-89DE-4D18-B5FD-3E3E0C5BB0A3}.Debug|x86.ActiveCfg = Debug|Win32
		{273F3B02-89DE-4D18-B5FD-3E3E0C5BB0A3}.Debug|x86.Build.0 = Debug|Win32
		{273F3B02-89DE-4D18-B5FD-3E3E0C5BB0A3}.Release|x64.ActiveCfg = Release|x64
		{273F3B02-89DE-4D18-B5FD-3E3E0C5BB0A3}.Release|x64.Build.0 = Release|x64
		{273F3B02-89DE-4D18-B5FD-3E3E0C5BB0A3}.Release|x86.ActiveCfg = Release|Win32
		{273F3B02-89DE-4D18-B5FD-3E3E0C5BB0A3}.Release|x86.Build.0 = Release|Win32
		{567D999C-5CA6-4AF3-B8C3-C39344595E11}.Debug|x64.ActiveCfg = Debug|x64
		{567D999C-5CA6-4AF3-B8C3-C39344595E11}.Debug|x64.Build.0 = Debug|x64
		{567D999C-5CA6-4AF3-B8C3-C39344595E11}.Debug|x86.ActiveCfg = Debug|Win32
		{567D999C-5CA6-4AF3-B8C3-C39344595E11}.Debug|x86.Build.0 = Debug|Win32
		{567D999C-5CA6-4AF3-B8C3-C39344595E11}.Release|x64.ActiveCfg = Release|x64
		{567D999C-5CA6-4AF3-B8C3-C39344595E11}.Release|x64.Build.0 = Release|x64
		{567D999C-5CA6-4AF3-B8C3-C39344595E11}.Release|x86.ActiveCfg = Release|Win32
		{567D999C-5CA6-4AF3-B8C3-C39344595E11}.Release|x86.Build.0 = Release|Win32
		{D335375A-91EA-44C3-9A8B-52D5954A80F6}.Debug|x64.ActiveCfg = Debug|x64
		{D335375A-91EA-44C3-9A8B-52D5954A80F6}.Debug|x64.Build.0 = Debug|x64
		{D335375A-91EA-44C3-9A8B-52D5954A80F6}.Debug|x86.ActiveCfg = Debug|Win32
		{D335375A-91EA-44C3-9A8B-52D5954A80F6}.Debug|x86.Build.0 = Debug|Win32
		{D335375A-91EA-44C3-9A8B-52D5954A80F6}.Release|x64.ActiveCfg = Release|x64
		{D335375A-91EA-44C3-9A8B-52D5954A80F6}.Release|x64.Build.0 = Release|x64
		{D335375A-91EA-44C3-9A8B-52D5954A80F6}.Release|x86.ActiveCfg = Release|Win32
		{D335375A-91EA-44C3-9A8B-52D5954A80F6}.Release|x86.Build.0 = Release|Win32
		{51FF5223-2452-4210-88C8-7BC6C75F38D5}.Debug|x64.ActiveCfg = Debug|x64
		{51FF5223-2452-4210-88C8-7BC6C75F38D5}.Debug|x64.Build.0 = Debug|x64
		{51FF5223-2452-4210-88C8-7BC6C75F38D5}.Debug|x86.ActiveCfg = Debug|Win32
		{51FF5223-2452-4210-88C8-7BC6C75F38D5}.Debug|x86.Build.0 = Debug|Win32
		{51FF5223-2452-4210-88C8-7BC6C75F38D5}.Release|x64.ActiveCfg = Release|x64
		{51FF5223-2452-4210-88C8-7BC6C75F38D5}.Release|x64.Build.0 = Release|x64
		{51FF5223-2452-4210-88C8-7BC6C75F38D5}.Release|x86.ActiveCfg = Release|Win32
		{51FF5223-2452-4210-88C8-7BC6C75F38D5}.Release|x86.Build.0 = Release|Win32
		{039AE1AC-93A6-41D6-8DDB-07E24E64C860}.Debug|x64.ActiveCfg = Debug|x64
		{039AE1AC-93A6-41D6-8DDB-07E24E64C860}.Debug|x64.Build.0 = Debug|x64
		{039AE1AC-93A6-41D6-8DDB-07E24E64C860}.Debug|x86.ActiveCfg = Debug|Win32
		{039AE1AC-93A6-41D6-8DDB-07E24E64C860}.Debug|x86.Build.0 = Debug|Win32
		{039AE1AC-93A6-41D6-8DDB-07E24E64C860}.Release|x64.ActiveCfg = Release|x64
		{039AE1AC-93A6-41D6-8DDB-07E24E64C860}.Release|x64.Build.0 = Release|x64
		{039AE1AC-93A6-41D6-8DDB-07E24E64C860}.Release|x86.ActiveCfg = Release|Win32
		{039AE1AC-93A6-41D6-8DDB-07E24E64C860}.Release|x86.Build.0 = Release|Win32
		{3FE030C2-BACE-4E2E-B7C0-00EDC82C8E8B}.Debug|x64.ActiveCfg = Debug|x64
		{3FE030C2-BACE-4E2E-B7C0-00EDC82C8E8B}.Debug|x64.Build.0 = Debug|x64
		{3FE030C2-BACE-4E2E-B7C0-00EDC82C8E8B}.Debug|x86.ActiveCfg = Debug|Win32
		{3FE030C2-BACE-4E2E-B7C0-00EDC82C8E8B}.Debug|x86.Build.0 = Debug|Win32
		{3FE030C2-BACE-4E2E-B7C0-00EDC82C8E8B}.Release|x64.ActiveCfg = Release|x64
		{3FE030C2-BACE-4E2E-B7C0-00EDC82C8E8B}.Release|x64.Build.0 = Release|x64
		{3FE030C2-BACE-4E2E-B7C0-00EDC82C8E8B}.Release|x86.ActiveCfg = Release|Win32
		{3FE030C2-BACE-4E2E-B7C0-00EDC82C8E8B}.Release|x86.Build.0 = Release|Win32
		{2C22AEAB-F7B7-479E-B266-3F10BFBF386D}.Debug|x64.ActiveCfg = Debug|x64
		{2C22AEAB-F7B7-479E-B266-3F10BFBF386D}.Debug|x64.Build.0 = Debug|x64
		{2C22AEAB-F7B7-479E-B266-3F10BFBF386D}.Debug|x86.ActiveCfg = Debug|Win32
		{2C22AEAB-F7B7-479E-B266-3F10BFBF386D}.Debug|x86.Build.0 = Debug|Win32
		{2C22AEAB-F7B7-479E-B266-3F10BFBF386D}.Release|x64.ActiveCfg = Release|x64
		{2C22AEAB-F7B7-479E-B266-3F10BFBF386D}.Release|x64.Build.0 = Release|x64
		{2C22AEAB-F7B7-479E-B266-3F10BFBF386D}.Release|x86.ActiveCfg = Release|Win32
		{2C22AEAB-F7B7-479E-B266-3F10BFBF386D}.Release|x86.Build.0 = Release|Win32
		{4356793A-5FAC-430C-8CA4-C17998812EC8}.Debug|x64.ActiveCfg = Debug|x64
		{4356793A-5FAC-430C-8CA4-C17998812EC8}.Debug|x64.Build.0 = Debug|x64
		{4356793A-5FAC-430C-8CA4-C17998812EC8}.Debug|x86.ActiveCfg = Debug|Win32
		{4356793A-5FAC-430C-8CA4-C17998812EC8}.Debug|x86.Build.0 = Debug|Win32
		{4356793A-5FAC-430C-8CA4-C17998812EC8}.Release|x64.ActiveCfg = Release|x64
		{4356793A-5FAC-430C-8CA4-C17998812EC8}.Release|x64.Build.0 = Release|x64
		{4356793A-5FAC-430C-8CA4-C17998812EC8}.Release|x86.ActiveCfg = Release|Win32
		{4356793A-5FAC-430C-8CA4-C17998812EC8}.Release|x86.Build.0 = Release|Win32
		{BD7F84FD-6FA9-4815-ABB8-05AADEA2D6E1}.Debug|x64.ActiveCfg = Debug|x64
		{BD7F84FD-6FA9-4815-ABB8-05AADEA2D6E1}.Debug|x64.Build.0 = Debug|x64
		{BD7F84FD-6FA9-4815-ABB8-05AADEA2D6E1}.Debug|x86.ActiveCfg = Debug|Win32
		{BD7F84FD-6FA9-4815-ABB8-05AADEA2D6E1}.Debug|x86.Build.0 = Debug|Win32
		{BD7F84FD-6FA9-4815-ABB8-05AADEA2D6E1}.Release|x64.ActiveCfg = Release|x64
		{BD7F84FD-6FA9-4815-ABB8-05AADEA2D6E1}.Release|x64.Build.0 = Release|x64
		{BD7F84FD-6FA9-4815-ABB8-05AADEA2D6E1}.Release|x86.ActiveCfg = Release|Win32
		{BD7F84FD-6FA9-4815-ABB8-05AADEA2D6E1}.Release|x86.Build.0 = Release|Win32
		{C325D323-B3C3-41EA-A27F-5D063083743B}.Debug|x64.ActiveCfg = Debug|x64
		{C325D323-B3C3-41EA-A27F-5D063083743B}.Debug|x64.Build.0 = Debug|x64
		{C325D323-B3C3-41EA-A27F-5D063083743B}.Debug|x86.ActiveCfg = Debug|Win32
		{C325D323-B3C3-41EA-A27F-5D063083743B}.Debug|x86.Build.0 = Debug|Win32
		{C325D323-B3C3-41EA-A27F-5D063083743B}.Release|x64.ActiveCfg = Release|x64
		{C325D323-B3C3-41EA-A27F-5D063083743B}.Release|x64.Build.0 = Release|x64
		{C325D323-B3C3-41EA-A27F-5D063083743B}.Release|x86.ActiveCfg = Release|Win32
		{C325D323-B3C3-41EA-A27F-5D063083743B}.Release|x86.Build.0 = Release|Win32
		{386E35CC-F141-41A6-8F26-D33FE4E0DEF8}.Debug|x64.ActiveCfg = Debug|x64
		{386E35CC-F141-41A6-8F26-D33FE4E0DEF8}.Debug|x64.Build.0 = Debug|x64
		{386E35CC-F141-41A6-8F26-D33FE4E0DEF8}.Debug|x86.ActiveCfg = Debug|Win32
		{386E35CC-F141-41A6-8F26-D33FE4E0DEF8}.Debug|x86.Build.0 = Debug|Win32
		{386E35CC-F141-41A6-8F26-D33FE4E0DEF8}.Release|x64.ActiveCfg = Release|x64
		{386E35CC-F141-41A6-8F26-D33FE4E0DEF8}.Release|x64.Build.0 = Release|x64
		{386E35CC-F141-41A6-8F26-D33FE4E0DEF8}.Release|x86.ActiveCfg = Release|Win32
		{386E35CC-F141-41A6-8F26-D33FE4E0DEF8}.Release|x86.Build.0 = Release|Win32
		{2CA6DF06-4AEE-48BA-9855-634BF9368C3F}.Debug|x64.ActiveCfg = Debug|x64
		{2CA6DF06-4AEE-48BA-9855-634BF9368C3F}.Debug|x64.Build.0 = Debug|x64
		{2CA6DF06-4AEE-48BA-9855-634BF9368C3F}.Debug|x86.ActiveCfg = Debug|Win32
		{2CA6DF06-4AEE-48BA-9855-634BF9368C3F}.Debug|x86.Build.0 = Debug|Win32
		{2CA6DF06-4AEE-48BA-9855-634BF9368C3F}.Release|x64.ActiveCfg = Release|x64
		{2CA6DF06-4AEE-48BA-9855-634BF9368C3F}.Release|x64.Build.0 = Release|x64
		{2CA6DF06-4AEE-48BA-9855-634BF9368C3F}.Release|x86.ActiveCfg = Release|Win32
		{2CA6DF06-4AEE-48BA-9855-634BF9368C3F}.Release|x86.Build.0 = Release|Win32
	EndGlobalSection
	GlobalSection(SolutionProperties) = preSolution
		HideSolutionNode = FALSE
	EndGlobalSection
	GlobalSection(ExtensibilityGlobals) = postSolution
		SolutionGuid = {D6269F5E-039B-4D73-A59F-5CDC7A65D449}
	EndGlobalSection
EndGlobal
